<?xml version="1.0" encoding="UTF-8"?>
<!DOCTYPE plist PUBLIC "-//Apple//DTD PLIST 1.0//EN" "http://www.apple.com/DTDs/PropertyList-1.0.dtd">
<plist version="1.0">
<dict>
	<key>archiveVersion</key>
	<string>1</string>
	<key>classes</key>
	<dict/>
	<key>objectVersion</key>
	<string>46</string>
	<key>objects</key>
	<dict>
		<key>0605A3C4DAE0D4B5AD561855</key>
		<dict>
			<key>includeInIndex</key>
			<string>1</string>
			<key>isa</key>
			<string>PBXFileReference</string>
			<key>lastKnownFileType</key>
			<string>text.xcconfig</string>
			<key>name</key>
			<string>Pods-Cast Audio Tests.release.xcconfig</string>
			<key>path</key>
			<string>Pods/Target Support Files/Pods-Cast Audio Tests/Pods-Cast Audio Tests.release.xcconfig</string>
			<key>sourceTree</key>
			<string>&lt;group&gt;</string>
		</dict>
		<key>06FFE6F5DFEF50FFDBB38A59</key>
		<dict>
			<key>includeInIndex</key>
			<string>1</string>
			<key>isa</key>
			<string>PBXFileReference</string>
			<key>lastKnownFileType</key>
			<string>text.xcconfig</string>
			<key>name</key>
			<string>Pods-Cast Audio Tests.debug.xcconfig</string>
			<key>path</key>
			<string>Pods/Target Support Files/Pods-Cast Audio Tests/Pods-Cast Audio Tests.debug.xcconfig</string>
			<key>sourceTree</key>
			<string>&lt;group&gt;</string>
		</dict>
		<key>07C8179CD11D6AAE0DBE0F23</key>
		<dict>
			<key>children</key>
			<array>
				<string>06FFE6F5DFEF50FFDBB38A59</string>
				<string>0605A3C4DAE0D4B5AD561855</string>
			</array>
			<key>isa</key>
			<string>PBXGroup</string>
			<key>name</key>
			<string>Pods</string>
			<key>sourceTree</key>
			<string>&lt;group&gt;</string>
		</dict>
		<key>124377CE187CC2B500ADF736</key>
		<dict>
			<key>fileEncoding</key>
			<string>4</string>
			<key>isa</key>
			<string>PBXFileReference</string>
			<key>lastKnownFileType</key>
			<string>sourcecode.c.h</string>
			<key>path</key>
			<string>DeviceTableViewController.h</string>
			<key>sourceTree</key>
			<string>&lt;group&gt;</string>
		</dict>
		<key>124377CF187CC2B500ADF736</key>
		<dict>
			<key>fileEncoding</key>
			<string>4</string>
			<key>isa</key>
			<string>PBXFileReference</string>
			<key>lastKnownFileType</key>
			<string>sourcecode.c.objc</string>
			<key>path</key>
			<string>DeviceTableViewController.m</string>
			<key>sourceTree</key>
			<string>&lt;group&gt;</string>
		</dict>
		<key>124377D0187CC2B500ADF736</key>
		<dict>
			<key>fileRef</key>
			<string>124377CF187CC2B500ADF736</string>
			<key>isa</key>
			<string>PBXBuildFile</string>
		</dict>
		<key>12E0CCBB184FFD9B00447896</key>
		<dict>
			<key>isa</key>
			<string>PBXFileReference</string>
			<key>lastKnownFileType</key>
			<string>wrapper.framework</string>
			<key>name</key>
			<string>AVFoundation.framework</string>
			<key>path</key>
			<string>System/Library/Frameworks/AVFoundation.framework</string>
			<key>sourceTree</key>
			<string>SDKROOT</string>
		</dict>
		<key>12E0CCBD18511D8400447896</key>
		<dict>
			<key>fileRef</key>
			<string>12E0CCBB184FFD9B00447896</string>
			<key>isa</key>
			<string>PBXBuildFile</string>
		</dict>
		<key>12E0CCC818513C9D00447896</key>
		<dict>
			<key>isa</key>
			<string>PBXFileReference</string>
			<key>lastKnownFileType</key>
			<string>image.png</string>
			<key>path</key>
			<string>icon-ios_democast_58.png</string>
			<key>sourceTree</key>
			<string>&lt;group&gt;</string>
		</dict>
		<key>12E0CCC918513C9D00447896</key>
		<dict>
			<key>isa</key>
			<string>PBXFileReference</string>
			<key>lastKnownFileType</key>
			<string>image.png</string>
			<key>path</key>
			<string>icon-ios_democast_76.png</string>
			<key>sourceTree</key>
			<string>&lt;group&gt;</string>
		</dict>
		<key>12E0CCCA18513C9D00447896</key>
		<dict>
			<key>isa</key>
			<string>PBXFileReference</string>
			<key>lastKnownFileType</key>
			<string>image.png</string>
			<key>path</key>
			<string>icon-ios_democast_80.png</string>
			<key>sourceTree</key>
			<string>&lt;group&gt;</string>
		</dict>
		<key>12E0CCCB18513C9D00447896</key>
		<dict>
			<key>isa</key>
			<string>PBXFileReference</string>
			<key>lastKnownFileType</key>
			<string>image.png</string>
			<key>path</key>
			<string>icon-ios_democast_120.png</string>
			<key>sourceTree</key>
			<string>&lt;group&gt;</string>
		</dict>
		<key>12E0CCCC18513C9D00447896</key>
		<dict>
			<key>isa</key>
			<string>PBXFileReference</string>
			<key>lastKnownFileType</key>
			<string>image.png</string>
			<key>path</key>
			<string>icon-ios_democast_152.png</string>
			<key>sourceTree</key>
			<string>&lt;group&gt;</string>
		</dict>
		<key>12E0CCCD18513C9D00447896</key>
		<dict>
			<key>fileRef</key>
			<string>12E0CCC818513C9D00447896</string>
			<key>isa</key>
			<string>PBXBuildFile</string>
		</dict>
		<key>12E0CCCE18513C9D00447896</key>
		<dict>
			<key>fileRef</key>
			<string>12E0CCC918513C9D00447896</string>
			<key>isa</key>
			<string>PBXBuildFile</string>
		</dict>
		<key>12E0CCCF18513C9D00447896</key>
		<dict>
			<key>fileRef</key>
			<string>12E0CCCA18513C9D00447896</string>
			<key>isa</key>
			<string>PBXBuildFile</string>
		</dict>
		<key>12E0CCD018513C9D00447896</key>
		<dict>
			<key>fileRef</key>
			<string>12E0CCCB18513C9D00447896</string>
			<key>isa</key>
			<string>PBXBuildFile</string>
		</dict>
		<key>12E0CCD118513C9D00447896</key>
		<dict>
			<key>fileRef</key>
			<string>12E0CCCC18513C9D00447896</string>
			<key>isa</key>
			<string>PBXBuildFile</string>
		</dict>
		<key>12E0CCF118550A0700447896</key>
		<dict>
			<key>isa</key>
			<string>PBXFileReference</string>
			<key>lastKnownFileType</key>
			<string>image.png</string>
			<key>path</key>
			<string>list_outline_white.png</string>
			<key>sourceTree</key>
			<string>&lt;group&gt;</string>
		</dict>
		<key>12E0CCF218550A0700447896</key>
		<dict>
			<key>isa</key>
			<string>PBXFileReference</string>
			<key>lastKnownFileType</key>
			<string>image.png</string>
			<key>path</key>
			<string>list_outline_white@2x.png</string>
			<key>sourceTree</key>
			<string>&lt;group&gt;</string>
		</dict>
		<key>12E0CCF318550A0700447896</key>
		<dict>
			<key>isa</key>
			<string>PBXFileReference</string>
			<key>lastKnownFileType</key>
			<string>image.png</string>
			<key>path</key>
			<string>list_outline.png</string>
			<key>sourceTree</key>
			<string>&lt;group&gt;</string>
		</dict>
		<key>12E0CCF418550A0700447896</key>
		<dict>
			<key>isa</key>
			<string>PBXFileReference</string>
			<key>lastKnownFileType</key>
			<string>image.png</string>
			<key>path</key>
			<string>list_outline@2x.png</string>
			<key>sourceTree</key>
			<string>&lt;group&gt;</string>
		</dict>
		<key>12E0CD1918550A0700447896</key>
		<dict>
			<key>fileRef</key>
			<string>12E0CCF118550A0700447896</string>
			<key>isa</key>
			<string>PBXBuildFile</string>
		</dict>
		<key>12E0CD1A18550A0700447896</key>
		<dict>
			<key>fileRef</key>
			<string>12E0CCF218550A0700447896</string>
			<key>isa</key>
			<string>PBXBuildFile</string>
		</dict>
		<key>12E0CD1B18550A0700447896</key>
		<dict>
			<key>fileRef</key>
			<string>12E0CCF318550A0700447896</string>
			<key>isa</key>
			<string>PBXBuildFile</string>
		</dict>
		<key>12E0CD1C18550A0700447896</key>
		<dict>
			<key>fileRef</key>
			<string>12E0CCF418550A0700447896</string>
			<key>isa</key>
			<string>PBXBuildFile</string>
		</dict>
		<key>284CBD79182ADC2D007F65F9</key>
		<dict>
			<key>children</key>
			<array>
				<string>284CC025182B0F9B007F65F9</string>
				<string>284CBD8B182ADC2D007F65F9</string>
				<string>DFD2CCEE1AD81A5200D2EA6D</string>
				<string>284CBD84182ADC2D007F65F9</string>
				<string>284CBD83182ADC2D007F65F9</string>
				<string>07C8179CD11D6AAE0DBE0F23</string>
			</array>
			<key>isa</key>
			<string>PBXGroup</string>
			<key>sourceTree</key>
			<string>&lt;group&gt;</string>
		</dict>
		<key>284CBD7A182ADC2D007F65F9</key>
		<dict>
			<key>attributes</key>
			<dict>
				<key>LastUpgradeCheck</key>
				<string>0510</string>
				<key>ORGANIZATIONNAME</key>
				<string></string>
				<key>TargetAttributes</key>
				<dict>
					<key>284CBD81182ADC2D007F65F9</key>
					<dict>
						<key>DevelopmentTeam</key>
						<string>34V4E5MT6Z</string>
					</dict>
					<key>DFD2CCEC1AD81A5200D2EA6D</key>
					<dict>
						<key>CreatedOnToolsVersion</key>
						<string>6.3</string>
						<key>TestTargetID</key>
						<string>284CBD81182ADC2D007F65F9</string>
					</dict>
				</dict>
			</dict>
			<key>buildConfigurationList</key>
			<string>284CBD7D182ADC2D007F65F9</string>
			<key>compatibilityVersion</key>
			<string>Xcode 3.2</string>
			<key>developmentRegion</key>
			<string>English</string>
			<key>hasScannedForEncodings</key>
			<string>0</string>
			<key>isa</key>
			<string>PBXProject</string>
			<key>knownRegions</key>
			<array>
				<string>en</string>
				<string>Base</string>
			</array>
			<key>mainGroup</key>
			<string>284CBD79182ADC2D007F65F9</string>
			<key>productRefGroup</key>
			<string>284CBD83182ADC2D007F65F9</string>
			<key>projectDirPath</key>
			<string></string>
			<key>projectReferences</key>
			<array/>
			<key>projectRoot</key>
			<string></string>
			<key>targets</key>
			<array>
				<string>284CBD81182ADC2D007F65F9</string>
				<string>DFD2CCEC1AD81A5200D2EA6D</string>
			</array>
		</dict>
		<key>284CBD7D182ADC2D007F65F9</key>
		<dict>
			<key>buildConfigurations</key>
			<array>
				<string>284CBDB8182ADC2E007F65F9</string>
				<string>284CBDB9182ADC2E007F65F9</string>
			</array>
			<key>defaultConfigurationIsVisible</key>
			<string>0</string>
			<key>defaultConfigurationName</key>
			<string>Release</string>
			<key>isa</key>
			<string>XCConfigurationList</string>
		</dict>
		<key>284CBD7E182ADC2D007F65F9</key>
		<dict>
			<key>buildActionMask</key>
			<string>2147483647</string>
			<key>files</key>
			<array>
				<string>284CBD96182ADC2D007F65F9</string>
				<string>284CC032182B1891007F65F9</string>
				<string>284CBD9F182ADC2D007F65F9</string>
				<string>EF60AA281A9D28A40036D4FA</string>
				<string>284CC035182C3396007F65F9</string>
				<string>284CBD92182ADC2D007F65F9</string>
				<string>124377D0187CC2B500ADF736</string>
				<string>EFD8A0F01AAE32AB005808B2</string>
				<string>491627AF184FBF9C00351397</string>
				<string>EFD8A0F31AAE8EE3005808B2</string>
				<string>496D46FE182DBE9100343F72</string>
				<string>EFD8A0E91AABD052005808B2</string>
				<string>DF2C8F5D1AD58A6D00561DDD</string>
				<string>496D4701182DBE9C00343F72</string>
			</array>
			<key>isa</key>
			<string>PBXSourcesBuildPhase</string>
			<key>runOnlyForDeploymentPostprocessing</key>
			<string>0</string>
		</dict>
		<key>284CBD7F182ADC2D007F65F9</key>
		<dict>
			<key>buildActionMask</key>
			<string>2147483647</string>
			<key>files</key>
			<array>
				<string>EFE3184819C7D97B00C053EE</string>
				<string>CCE5BD45196F038400016BAB</string>
				<string>CCE5BD43196F037300016BAB</string>
				<string>12E0CCBD18511D8400447896</string>
				<string>284CBD88182ADC2D007F65F9</string>
				<string>284CBD8A182ADC2D007F65F9</string>
				<string>284CBD86182ADC2D007F65F9</string>
				<string>CCE5BD48196F0AC000016BAB</string>
			</array>
			<key>isa</key>
			<string>PBXFrameworksBuildPhase</string>
			<key>runOnlyForDeploymentPostprocessing</key>
			<string>0</string>
		</dict>
		<key>284CBD80182ADC2D007F65F9</key>
		<dict>
			<key>buildActionMask</key>
			<string>2147483647</string>
			<key>files</key>
			<array>
				<string>EF775C601A49FE9E00995266</string>
				<string>12E0CD1C18550A0700447896</string>
				<string>12E0CD1B18550A0700447896</string>
				<string>EFD8A0EB1AABD632005808B2</string>
				<string>EFD8A0ED1AACFCAF005808B2</string>
				<string>EF775C5F1A49FE9E00995266</string>
				<string>284CBDA4182ADC2D007F65F9</string>
				<string>12E0CCD118513C9D00447896</string>
				<string>EF775C5E1A49FE9E00995266</string>
				<string>12E0CCD018513C9D00447896</string>
				<string>EF6E4DE01AB25883006A5ACC</string>
				<string>12E0CCCD18513C9D00447896</string>
				<string>284CBD90182ADC2D007F65F9</string>
				<string>12E0CD1918550A0700447896</string>
				<string>12E0CD1A18550A0700447896</string>
				<string>284CC02B182B0F9B007F65F9</string>
				<string>12E0CCCE18513C9D00447896</string>
				<string>12E0CCCF18513C9D00447896</string>
			</array>
			<key>isa</key>
			<string>PBXResourcesBuildPhase</string>
			<key>runOnlyForDeploymentPostprocessing</key>
			<string>0</string>
		</dict>
		<key>284CBD81182ADC2D007F65F9</key>
		<dict>
			<key>buildConfigurationList</key>
			<string>284CBDBA182ADC2E007F65F9</string>
			<key>buildPhases</key>
			<array>
				<string>284CBD7E182ADC2D007F65F9</string>
				<string>284CBD7F182ADC2D007F65F9</string>
				<string>284CBD80182ADC2D007F65F9</string>
			</array>
			<key>buildRules</key>
			<array/>
			<key>dependencies</key>
			<array/>
			<key>isa</key>
			<string>PBXNativeTarget</string>
			<key>name</key>
			<string>Cast Audio</string>
			<key>productName</key>
			<string>Chromecast_iOS</string>
			<key>productReference</key>
			<string>284CBD82182ADC2D007F65F9</string>
			<key>productType</key>
			<string>com.apple.product-type.application</string>
		</dict>
		<key>284CBD82182ADC2D007F65F9</key>
		<dict>
			<key>explicitFileType</key>
			<string>wrapper.application</string>
			<key>includeInIndex</key>
			<string>0</string>
			<key>isa</key>
			<string>PBXFileReference</string>
			<key>path</key>
			<string>Cast Audio.app</string>
			<key>sourceTree</key>
			<string>BUILT_PRODUCTS_DIR</string>
		</dict>
		<key>284CBD83182ADC2D007F65F9</key>
		<dict>
			<key>children</key>
			<array>
				<string>284CBD82182ADC2D007F65F9</string>
				<string>DFD2CCED1AD81A5200D2EA6D</string>
			</array>
			<key>isa</key>
			<string>PBXGroup</string>
			<key>name</key>
			<string>Products</string>
			<key>sourceTree</key>
			<string>&lt;group&gt;</string>
		</dict>
		<key>284CBD84182ADC2D007F65F9</key>
		<dict>
			<key>children</key>
			<array>
				<string>EFE3184719C7D97B00C053EE</string>
				<string>CCE5BD46196F03BB00016BAB</string>
				<string>CCE5BD44196F038400016BAB</string>
				<string>CCE5BD42196F037300016BAB</string>
				<string>12E0CCBB184FFD9B00447896</string>
				<string>284CBD85182ADC2D007F65F9</string>
				<string>284CBD87182ADC2D007F65F9</string>
				<string>284CBD89182ADC2D007F65F9</string>
				<string>284CBDAA182ADC2D007F65F9</string>
				<string>482F9F8064BDDCA988B39B0F</string>
			</array>
			<key>isa</key>
			<string>PBXGroup</string>
			<key>name</key>
			<string>Frameworks</string>
			<key>sourceTree</key>
			<string>&lt;group&gt;</string>
		</dict>
		<key>284CBD85182ADC2D007F65F9</key>
		<dict>
			<key>isa</key>
			<string>PBXFileReference</string>
			<key>lastKnownFileType</key>
			<string>wrapper.framework</string>
			<key>name</key>
			<string>Foundation.framework</string>
			<key>path</key>
			<string>System/Library/Frameworks/Foundation.framework</string>
			<key>sourceTree</key>
			<string>SDKROOT</string>
		</dict>
		<key>284CBD86182ADC2D007F65F9</key>
		<dict>
			<key>fileRef</key>
			<string>284CBD85182ADC2D007F65F9</string>
			<key>isa</key>
			<string>PBXBuildFile</string>
		</dict>
		<key>284CBD87182ADC2D007F65F9</key>
		<dict>
			<key>isa</key>
			<string>PBXFileReference</string>
			<key>lastKnownFileType</key>
			<string>wrapper.framework</string>
			<key>name</key>
			<string>CoreGraphics.framework</string>
			<key>path</key>
			<string>System/Library/Frameworks/CoreGraphics.framework</string>
			<key>sourceTree</key>
			<string>SDKROOT</string>
		</dict>
		<key>284CBD88182ADC2D007F65F9</key>
		<dict>
			<key>fileRef</key>
			<string>284CBD87182ADC2D007F65F9</string>
			<key>isa</key>
			<string>PBXBuildFile</string>
		</dict>
		<key>284CBD89182ADC2D007F65F9</key>
		<dict>
			<key>isa</key>
			<string>PBXFileReference</string>
			<key>lastKnownFileType</key>
			<string>wrapper.framework</string>
			<key>name</key>
			<string>UIKit.framework</string>
			<key>path</key>
			<string>System/Library/Frameworks/UIKit.framework</string>
			<key>sourceTree</key>
			<string>SDKROOT</string>
		</dict>
		<key>284CBD8A182ADC2D007F65F9</key>
		<dict>
			<key>fileRef</key>
			<string>284CBD89182ADC2D007F65F9</string>
			<key>isa</key>
			<string>PBXBuildFile</string>
		</dict>
		<key>284CBD8B182ADC2D007F65F9</key>
		<dict>
			<key>children</key>
			<array>
				<string>DF2C8F5A1AD45FEB00561DDD</string>
				<string>EF60AA251A9D27390036D4FA</string>
				<string>EFD8A0EA1AABD632005808B2</string>
				<string>284CBD94182ADC2D007F65F9</string>
				<string>284CBD95182ADC2D007F65F9</string>
				<string>284CBD9D182ADC2D007F65F9</string>
				<string>284CBD9E182ADC2D007F65F9</string>
				<string>491627AD184FBF9C00351397</string>
				<string>491627AE184FBF9C00351397</string>
				<string>EFD8A0EE1AAE32AB005808B2</string>
				<string>EFD8A0EF1AAE32AB005808B2</string>
				<string>284CBDA3182ADC2D007F65F9</string>
				<string>284CBD8C182ADC2D007F65F9</string>
			</array>
			<key>isa</key>
			<string>PBXGroup</string>
			<key>path</key>
			<string>Classes</string>
			<key>sourceTree</key>
			<string>&lt;group&gt;</string>
		</dict>
		<key>284CBD8C182ADC2D007F65F9</key>
		<dict>
			<key>children</key>
			<array>
				<string>284CBD8D182ADC2D007F65F9</string>
				<string>284CBD8E182ADC2D007F65F9</string>
				<string>284CBD91182ADC2D007F65F9</string>
				<string>284CBD93182ADC2D007F65F9</string>
			</array>
			<key>isa</key>
			<string>PBXGroup</string>
			<key>name</key>
			<string>Supporting Files</string>
			<key>sourceTree</key>
			<string>&lt;group&gt;</string>
		</dict>
		<key>284CBD8D182ADC2D007F65F9</key>
		<dict>
			<key>isa</key>
			<string>PBXFileReference</string>
			<key>lastKnownFileType</key>
			<string>text.plist.xml</string>
			<key>path</key>
			<string>Cast Audio-Info.plist</string>
			<key>sourceTree</key>
			<string>&lt;group&gt;</string>
		</dict>
		<key>284CBD8E182ADC2D007F65F9</key>
		<dict>
			<key>children</key>
			<array>
				<string>284CBD8F182ADC2D007F65F9</string>
			</array>
			<key>isa</key>
			<string>PBXVariantGroup</string>
			<key>name</key>
			<string>InfoPlist.strings</string>
			<key>sourceTree</key>
			<string>&lt;group&gt;</string>
		</dict>
		<key>284CBD8F182ADC2D007F65F9</key>
		<dict>
			<key>isa</key>
			<string>PBXFileReference</string>
			<key>lastKnownFileType</key>
			<string>text.plist.strings</string>
			<key>name</key>
			<string>en</string>
			<key>path</key>
			<string>en.lproj/InfoPlist.strings</string>
			<key>sourceTree</key>
			<string>&lt;group&gt;</string>
		</dict>
		<key>284CBD90182ADC2D007F65F9</key>
		<dict>
			<key>fileRef</key>
			<string>284CBD8E182ADC2D007F65F9</string>
			<key>isa</key>
			<string>PBXBuildFile</string>
		</dict>
		<key>284CBD91182ADC2D007F65F9</key>
		<dict>
			<key>isa</key>
			<string>PBXFileReference</string>
			<key>lastKnownFileType</key>
			<string>sourcecode.c.objc</string>
			<key>path</key>
			<string>main.m</string>
			<key>sourceTree</key>
			<string>&lt;group&gt;</string>
		</dict>
		<key>284CBD92182ADC2D007F65F9</key>
		<dict>
			<key>fileRef</key>
			<string>284CBD91182ADC2D007F65F9</string>
			<key>isa</key>
			<string>PBXBuildFile</string>
		</dict>
		<key>284CBD93182ADC2D007F65F9</key>
		<dict>
			<key>isa</key>
			<string>PBXFileReference</string>
			<key>lastKnownFileType</key>
			<string>sourcecode.c.h</string>
			<key>path</key>
			<string>Cast Audio-Prefix.pch</string>
			<key>sourceTree</key>
			<string>&lt;group&gt;</string>
		</dict>
		<key>284CBD94182ADC2D007F65F9</key>
		<dict>
			<key>isa</key>
			<string>PBXFileReference</string>
			<key>lastKnownFileType</key>
			<string>sourcecode.c.h</string>
			<key>path</key>
			<string>AppDelegate.h</string>
			<key>sourceTree</key>
			<string>&lt;group&gt;</string>
		</dict>
		<key>284CBD95182ADC2D007F65F9</key>
		<dict>
			<key>isa</key>
			<string>PBXFileReference</string>
			<key>lastKnownFileType</key>
			<string>sourcecode.c.objc</string>
			<key>path</key>
			<string>AppDelegate.m</string>
			<key>sourceTree</key>
			<string>&lt;group&gt;</string>
		</dict>
		<key>284CBD96182ADC2D007F65F9</key>
		<dict>
			<key>fileRef</key>
			<string>284CBD95182ADC2D007F65F9</string>
			<key>isa</key>
			<string>PBXBuildFile</string>
		</dict>
		<key>284CBD9D182ADC2D007F65F9</key>
		<dict>
			<key>isa</key>
			<string>PBXFileReference</string>
			<key>lastKnownFileType</key>
			<string>sourcecode.c.h</string>
			<key>path</key>
			<string>MediaTableViewController.h</string>
			<key>sourceTree</key>
			<string>&lt;group&gt;</string>
		</dict>
		<key>284CBD9E182ADC2D007F65F9</key>
		<dict>
			<key>isa</key>
			<string>PBXFileReference</string>
			<key>lastKnownFileType</key>
			<string>sourcecode.c.objc</string>
			<key>path</key>
			<string>MediaTableViewController.m</string>
			<key>sourceTree</key>
			<string>&lt;group&gt;</string>
		</dict>
		<key>284CBD9F182ADC2D007F65F9</key>
		<dict>
			<key>fileRef</key>
			<string>284CBD9E182ADC2D007F65F9</string>
			<key>isa</key>
			<string>PBXBuildFile</string>
		</dict>
		<key>284CBDA3182ADC2D007F65F9</key>
		<dict>
			<key>isa</key>
			<string>PBXFileReference</string>
			<key>lastKnownFileType</key>
			<string>folder.assetcatalog</string>
			<key>path</key>
			<string>Images.xcassets</string>
			<key>sourceTree</key>
			<string>&lt;group&gt;</string>
		</dict>
		<key>284CBDA4182ADC2D007F65F9</key>
		<dict>
			<key>fileRef</key>
			<string>284CBDA3182ADC2D007F65F9</string>
			<key>isa</key>
			<string>PBXBuildFile</string>
		</dict>
		<key>284CBDAA182ADC2D007F65F9</key>
		<dict>
			<key>isa</key>
			<string>PBXFileReference</string>
			<key>lastKnownFileType</key>
			<string>wrapper.framework</string>
			<key>name</key>
			<string>XCTest.framework</string>
			<key>path</key>
			<string>Library/Frameworks/XCTest.framework</string>
			<key>sourceTree</key>
			<string>DEVELOPER_DIR</string>
		</dict>
		<key>284CBDB8182ADC2E007F65F9</key>
		<dict>
			<key>buildSettings</key>
			<dict>
				<key>ALWAYS_SEARCH_USER_PATHS</key>
				<string>NO</string>
				<key>CLANG_CXX_LANGUAGE_STANDARD</key>
				<string>gnu++0x</string>
				<key>CLANG_CXX_LIBRARY</key>
				<string>libc++</string>
				<key>CLANG_ENABLE_MODULES</key>
				<string>YES</string>
				<key>CLANG_ENABLE_OBJC_ARC</key>
				<string>YES</string>
				<key>CLANG_WARN_BOOL_CONVERSION</key>
				<string>YES</string>
				<key>CLANG_WARN_CONSTANT_CONVERSION</key>
				<string>YES</string>
				<key>CLANG_WARN_DIRECT_OBJC_ISA_USAGE</key>
				<string>YES_ERROR</string>
				<key>CLANG_WARN_EMPTY_BODY</key>
				<string>YES</string>
				<key>CLANG_WARN_ENUM_CONVERSION</key>
				<string>YES</string>
				<key>CLANG_WARN_INT_CONVERSION</key>
				<string>YES</string>
				<key>CLANG_WARN_OBJC_ROOT_CLASS</key>
				<string>YES_ERROR</string>
				<key>CLANG_WARN__DUPLICATE_METHOD_MATCH</key>
				<string>YES</string>
				<key>CODE_SIGN_IDENTITY[sdk=iphoneos*]</key>
				<string>iPhone Developer</string>
				<key>COPY_PHASE_STRIP</key>
				<string>NO</string>
				<key>CURRENT_PROJECT_VERSION</key>
				<string>11</string>
				<key>GCC_C_LANGUAGE_STANDARD</key>
				<string>gnu99</string>
				<key>GCC_DYNAMIC_NO_PIC</key>
				<string>NO</string>
				<key>GCC_OPTIMIZATION_LEVEL</key>
				<string>0</string>
				<key>GCC_PREPROCESSOR_DEFINITIONS</key>
				<array>
					<string>DEBUG=1</string>
					<string>$(inherited)</string>
				</array>
				<key>GCC_SYMBOLS_PRIVATE_EXTERN</key>
				<string>NO</string>
				<key>GCC_WARN_64_TO_32_BIT_CONVERSION</key>
				<string>YES</string>
				<key>GCC_WARN_ABOUT_RETURN_TYPE</key>
				<string>YES_ERROR</string>
				<key>GCC_WARN_UNDECLARED_SELECTOR</key>
				<string>YES</string>
				<key>GCC_WARN_UNINITIALIZED_AUTOS</key>
				<string>YES</string>
				<key>GCC_WARN_UNUSED_FUNCTION</key>
				<string>YES</string>
				<key>GCC_WARN_UNUSED_VARIABLE</key>
				<string>YES</string>
				<key>IPHONEOS_DEPLOYMENT_TARGET</key>
				<string>7.0</string>
				<key>ONLY_ACTIVE_ARCH</key>
				<string>YES</string>
				<key>SDKROOT</key>
				<string>iphoneos</string>
				<key>TARGETED_DEVICE_FAMILY</key>
				<string>1,2</string>
			</dict>
			<key>isa</key>
			<string>XCBuildConfiguration</string>
			<key>name</key>
			<string>Debug</string>
		</dict>
		<key>284CBDB9182ADC2E007F65F9</key>
		<dict>
			<key>buildSettings</key>
			<dict>
				<key>ALWAYS_SEARCH_USER_PATHS</key>
				<string>NO</string>
				<key>CLANG_CXX_LANGUAGE_STANDARD</key>
				<string>gnu++0x</string>
				<key>CLANG_CXX_LIBRARY</key>
				<string>libc++</string>
				<key>CLANG_ENABLE_MODULES</key>
				<string>YES</string>
				<key>CLANG_ENABLE_OBJC_ARC</key>
				<string>YES</string>
				<key>CLANG_WARN_BOOL_CONVERSION</key>
				<string>YES</string>
				<key>CLANG_WARN_CONSTANT_CONVERSION</key>
				<string>YES</string>
				<key>CLANG_WARN_DIRECT_OBJC_ISA_USAGE</key>
				<string>YES_ERROR</string>
				<key>CLANG_WARN_EMPTY_BODY</key>
				<string>YES</string>
				<key>CLANG_WARN_ENUM_CONVERSION</key>
				<string>YES</string>
				<key>CLANG_WARN_INT_CONVERSION</key>
				<string>YES</string>
				<key>CLANG_WARN_OBJC_ROOT_CLASS</key>
				<string>YES_ERROR</string>
				<key>CLANG_WARN__DUPLICATE_METHOD_MATCH</key>
				<string>YES</string>
				<key>CODE_SIGN_IDENTITY[sdk=iphoneos*]</key>
				<string>iPhone Distribution: Unity Marketing, Inc. (34V4E5MT6Z)</string>
				<key>COPY_PHASE_STRIP</key>
				<string>YES</string>
				<key>CURRENT_PROJECT_VERSION</key>
				<string>11</string>
				<key>ENABLE_NS_ASSERTIONS</key>
				<string>NO</string>
				<key>GCC_C_LANGUAGE_STANDARD</key>
				<string>gnu99</string>
				<key>GCC_WARN_64_TO_32_BIT_CONVERSION</key>
				<string>YES</string>
				<key>GCC_WARN_ABOUT_RETURN_TYPE</key>
				<string>YES_ERROR</string>
				<key>GCC_WARN_UNDECLARED_SELECTOR</key>
				<string>YES</string>
				<key>GCC_WARN_UNINITIALIZED_AUTOS</key>
				<string>YES</string>
				<key>GCC_WARN_UNUSED_FUNCTION</key>
				<string>YES</string>
				<key>GCC_WARN_UNUSED_VARIABLE</key>
				<string>YES</string>
				<key>IPHONEOS_DEPLOYMENT_TARGET</key>
				<string>7.0</string>
				<key>SDKROOT</key>
				<string>iphoneos</string>
				<key>TARGETED_DEVICE_FAMILY</key>
				<string>1,2</string>
				<key>VALIDATE_PRODUCT</key>
				<string>YES</string>
			</dict>
			<key>isa</key>
			<string>XCBuildConfiguration</string>
			<key>name</key>
			<string>Release</string>
		</dict>
		<key>284CBDBA182ADC2E007F65F9</key>
		<dict>
			<key>buildConfigurations</key>
			<array>
				<string>284CBDBB182ADC2E007F65F9</string>
				<string>284CBDBC182ADC2E007F65F9</string>
			</array>
			<key>defaultConfigurationIsVisible</key>
			<string>0</string>
			<key>defaultConfigurationName</key>
			<string>Release</string>
			<key>isa</key>
			<string>XCConfigurationList</string>
		</dict>
		<key>284CBDBB182ADC2E007F65F9</key>
		<dict>
			<key>buildSettings</key>
			<dict>
				<key>ASSETCATALOG_COMPILER_APPICON_NAME</key>
				<string>AppIcon</string>
				<key>ASSETCATALOG_COMPILER_LAUNCHIMAGE_NAME</key>
				<string>LaunchImage</string>
				<key>CODE_SIGN_IDENTITY</key>
				<string>iPhone Developer</string>
				<key>CODE_SIGN_IDENTITY[sdk=iphoneos*]</key>
				<string>iPhone Developer</string>
				<key>FRAMEWORK_SEARCH_PATHS</key>
				<array>
					<string>$(inherited)</string>
					<string>..</string>
					<string>$(PROJECT_DIR)</string>
				</array>
				<key>GCC_PRECOMPILE_PREFIX_HEADER</key>
				<string>YES</string>
				<key>GCC_PREFIX_HEADER</key>
				<string>Classes/Cast Audio-Prefix.pch</string>
				<key>INFOPLIST_FILE</key>
				<string>Classes/Cast Audio-Info.plist</string>
				<key>IPHONEOS_DEPLOYMENT_TARGET</key>
				<string>7.0</string>
				<key>ONLY_ACTIVE_ARCH</key>
				<string>NO</string>
				<key>OTHER_CFLAGS</key>
				<string></string>
				<key>OTHER_LDFLAGS</key>
				<string>-ObjC</string>
				<key>PRODUCT_NAME</key>
				<string>Cast Audio</string>
				<key>PROVISIONING_PROFILE</key>
				<string></string>
				<key>TARGETED_DEVICE_FAMILY</key>
				<string>1,2</string>
				<key>VALID_ARCHS</key>
				<string>armv7 armv7s arm64</string>
				<key>WRAPPER_EXTENSION</key>
				<string>app</string>
			</dict>
			<key>isa</key>
			<string>XCBuildConfiguration</string>
			<key>name</key>
			<string>Debug</string>
		</dict>
		<key>284CBDBC182ADC2E007F65F9</key>
		<dict>
			<key>buildSettings</key>
			<dict>
				<key>ASSETCATALOG_COMPILER_APPICON_NAME</key>
				<string>AppIcon</string>
				<key>ASSETCATALOG_COMPILER_LAUNCHIMAGE_NAME</key>
				<string>LaunchImage</string>
				<key>CODE_SIGN_IDENTITY</key>
				<string>iPhone Distribution</string>
				<key>CODE_SIGN_IDENTITY[sdk=iphoneos*]</key>
				<string>iPhone Distribution</string>
				<key>FRAMEWORK_SEARCH_PATHS</key>
				<array>
					<string>$(inherited)</string>
					<string>..</string>
					<string>$(PROJECT_DIR)</string>
				</array>
				<key>GCC_PRECOMPILE_PREFIX_HEADER</key>
				<string>YES</string>
				<key>GCC_PREFIX_HEADER</key>
				<string>Classes/Cast Audio-Prefix.pch</string>
				<key>INFOPLIST_FILE</key>
				<string>Classes/Cast Audio-Info.plist</string>
				<key>IPHONEOS_DEPLOYMENT_TARGET</key>
				<string>7.0</string>
				<key>ONLY_ACTIVE_ARCH</key>
				<string>NO</string>
				<key>OTHER_CFLAGS</key>
				<string></string>
				<key>OTHER_LDFLAGS</key>
				<string>-ObjC</string>
				<key>PRODUCT_NAME</key>
				<string>Cast Audio</string>
				<key>PROVISIONING_PROFILE</key>
				<string></string>
				<key>TARGETED_DEVICE_FAMILY</key>
				<string>1,2</string>
				<key>VALID_ARCHS</key>
				<string>armv7 armv7s arm64</string>
				<key>WRAPPER_EXTENSION</key>
				<string>app</string>
			</dict>
			<key>isa</key>
			<string>XCBuildConfiguration</string>
			<key>name</key>
			<string>Release</string>
		</dict>
		<key>284CC025182B0F9B007F65F9</key>
		<dict>
			<key>children</key>
			<array>
				<string>EF6E4DDF1AB25883006A5ACC</string>
				<string>EF775C5B1A49FE9E00995266</string>
				<string>EF775C5C1A49FE9E00995266</string>
				<string>EF775C5D1A49FE9E00995266</string>
				<string>12E0CCF118550A0700447896</string>
				<string>12E0CCF218550A0700447896</string>
				<string>12E0CCF318550A0700447896</string>
				<string>12E0CCF418550A0700447896</string>
				<string>12E0CCC818513C9D00447896</string>
				<string>12E0CCC918513C9D00447896</string>
				<string>12E0CCCA18513C9D00447896</string>
				<string>12E0CCCB18513C9D00447896</string>
				<string>12E0CCCC18513C9D00447896</string>
				<string>284CC026182B0F9B007F65F9</string>
			</array>
			<key>isa</key>
			<string>PBXGroup</string>
			<key>path</key>
			<string>Images</string>
			<key>sourceTree</key>
			<string>&lt;group&gt;</string>
		</dict>
		<key>284CC026182B0F9B007F65F9</key>
		<dict>
			<key>isa</key>
			<string>PBXFileReference</string>
			<key>lastKnownFileType</key>
			<string>image.png</string>
			<key>path</key>
			<string>Default-568h@2x.png</string>
			<key>sourceTree</key>
			<string>&lt;group&gt;</string>
		</dict>
		<key>284CC02B182B0F9B007F65F9</key>
		<dict>
			<key>fileRef</key>
			<string>284CC026182B0F9B007F65F9</string>
			<key>isa</key>
			<string>PBXBuildFile</string>
		</dict>
		<key>284CC030182B1891007F65F9</key>
		<dict>
			<key>fileEncoding</key>
			<string>4</string>
			<key>isa</key>
			<string>PBXFileReference</string>
			<key>lastKnownFileType</key>
			<string>sourcecode.c.h</string>
			<key>lineEnding</key>
			<string>0</string>
			<key>path</key>
			<string>ChromecastDeviceController.h</string>
			<key>sourceTree</key>
			<string>&lt;group&gt;</string>
			<key>xcLanguageSpecificationIdentifier</key>
			<string>xcode.lang.objcpp</string>
		</dict>
		<key>284CC031182B1891007F65F9</key>
		<dict>
			<key>fileEncoding</key>
			<string>4</string>
			<key>isa</key>
			<string>PBXFileReference</string>
			<key>lastKnownFileType</key>
			<string>sourcecode.c.objc</string>
			<key>lineEnding</key>
			<string>0</string>
			<key>path</key>
			<string>ChromecastDeviceController.m</string>
			<key>sourceTree</key>
			<string>&lt;group&gt;</string>
			<key>xcLanguageSpecificationIdentifier</key>
			<string>xcode.lang.objc</string>
		</dict>
		<key>284CC032182B1891007F65F9</key>
		<dict>
			<key>fileRef</key>
			<string>284CC031182B1891007F65F9</string>
			<key>isa</key>
			<string>PBXBuildFile</string>
		</dict>
		<key>284CC033182C3396007F65F9</key>
		<dict>
			<key>fileEncoding</key>
			<string>4</string>
			<key>isa</key>
			<string>PBXFileReference</string>
			<key>lastKnownFileType</key>
			<string>sourcecode.c.h</string>
			<key>lineEnding</key>
			<string>0</string>
			<key>path</key>
			<string>CastViewController.h</string>
			<key>sourceTree</key>
			<string>&lt;group&gt;</string>
			<key>xcLanguageSpecificationIdentifier</key>
			<string>xcode.lang.objcpp</string>
		</dict>
		<key>284CC034182C3396007F65F9</key>
		<dict>
			<key>fileEncoding</key>
			<string>4</string>
			<key>isa</key>
			<string>PBXFileReference</string>
			<key>lastKnownFileType</key>
			<string>sourcecode.c.objc</string>
			<key>lineEnding</key>
			<string>0</string>
			<key>path</key>
			<string>CastViewController.m</string>
			<key>sourceTree</key>
			<string>&lt;group&gt;</string>
			<key>xcLanguageSpecificationIdentifier</key>
			<string>xcode.lang.objc</string>
		</dict>
		<key>284CC035182C3396007F65F9</key>
		<dict>
			<key>fileRef</key>
			<string>284CC034182C3396007F65F9</string>
			<key>isa</key>
			<string>PBXBuildFile</string>
		</dict>
		<key>482F9F8064BDDCA988B39B0F</key>
		<dict>
			<key>explicitFileType</key>
			<string>archive.ar</string>
			<key>includeInIndex</key>
			<string>0</string>
			<key>isa</key>
			<string>PBXFileReference</string>
			<key>path</key>
			<string>libPods-Cast Audio Tests.a</string>
			<key>sourceTree</key>
			<string>BUILT_PRODUCTS_DIR</string>
		</dict>
		<key>491627AD184FBF9C00351397</key>
		<dict>
			<key>fileEncoding</key>
			<string>4</string>
			<key>isa</key>
			<string>PBXFileReference</string>
			<key>lastKnownFileType</key>
			<string>sourcecode.c.h</string>
			<key>path</key>
			<string>SimpleImageFetcher.h</string>
			<key>sourceTree</key>
			<string>&lt;group&gt;</string>
		</dict>
		<key>491627AE184FBF9C00351397</key>
		<dict>
			<key>fileEncoding</key>
			<string>4</string>
			<key>isa</key>
			<string>PBXFileReference</string>
			<key>lastKnownFileType</key>
			<string>sourcecode.c.objc</string>
			<key>path</key>
			<string>SimpleImageFetcher.m</string>
			<key>sourceTree</key>
			<string>&lt;group&gt;</string>
		</dict>
		<key>491627AF184FBF9C00351397</key>
		<dict>
			<key>fileRef</key>
			<string>491627AE184FBF9C00351397</string>
			<key>isa</key>
			<string>PBXBuildFile</string>
		</dict>
		<key>496D46FC182DBE9100343F72</key>
		<dict>
			<key>fileEncoding</key>
			<string>4</string>
			<key>isa</key>
			<string>PBXFileReference</string>
			<key>lastKnownFileType</key>
			<string>sourcecode.c.h</string>
			<key>path</key>
			<string>Media.h</string>
			<key>sourceTree</key>
			<string>&lt;group&gt;</string>
		</dict>
		<key>496D46FD182DBE9100343F72</key>
		<dict>
			<key>fileEncoding</key>
			<string>4</string>
			<key>isa</key>
			<string>PBXFileReference</string>
			<key>lastKnownFileType</key>
			<string>sourcecode.c.objc</string>
			<key>path</key>
			<string>Media.m</string>
			<key>sourceTree</key>
			<string>&lt;group&gt;</string>
		</dict>
		<key>496D46FE182DBE9100343F72</key>
		<dict>
			<key>fileRef</key>
			<string>496D46FD182DBE9100343F72</string>
			<key>isa</key>
			<string>PBXBuildFile</string>
		</dict>
		<key>496D46FF182DBE9C00343F72</key>
		<dict>
			<key>fileEncoding</key>
			<string>4</string>
			<key>isa</key>
			<string>PBXFileReference</string>
			<key>lastKnownFileType</key>
			<string>sourcecode.c.h</string>
			<key>path</key>
			<string>MediaListModel.h</string>
			<key>sourceTree</key>
			<string>&lt;group&gt;</string>
		</dict>
		<key>496D4700182DBE9C00343F72</key>
		<dict>
			<key>fileEncoding</key>
			<string>4</string>
			<key>isa</key>
			<string>PBXFileReference</string>
			<key>lastKnownFileType</key>
			<string>sourcecode.c.objc</string>
			<key>path</key>
			<string>MediaListModel.m</string>
			<key>sourceTree</key>
			<string>&lt;group&gt;</string>
		</dict>
		<key>496D4701182DBE9C00343F72</key>
		<dict>
			<key>fileRef</key>
			<string>496D4700182DBE9C00343F72</string>
			<key>isa</key>
			<string>PBXBuildFile</string>
		</dict>
		<key>8268AB1D90CD19FD7F13733B</key>
		<dict>
			<key>buildActionMask</key>
			<string>2147483647</string>
			<key>files</key>
			<array/>
			<key>inputPaths</key>
			<array/>
			<key>isa</key>
			<string>PBXShellScriptBuildPhase</string>
			<key>name</key>
			<string>Check Pods Manifest.lock</string>
			<key>outputPaths</key>
			<array/>
			<key>runOnlyForDeploymentPostprocessing</key>
			<string>0</string>
			<key>shellPath</key>
			<string>/bin/sh</string>
			<key>shellScript</key>
			<string>diff "${PODS_ROOT}/../Podfile.lock" "${PODS_ROOT}/Manifest.lock" &gt; /dev/null
if [[ $? != 0 ]] ; then
    cat &lt;&lt; EOM
error: The sandbox is not in sync with the Podfile.lock. Run 'pod install' or update your CocoaPods installation.
EOM
    exit 1
fi
</string>
			<key>showEnvVarsInLog</key>
			<string>0</string>
		</dict>
		<key>CCE5BD42196F037300016BAB</key>
		<dict>
			<key>isa</key>
			<string>PBXFileReference</string>
			<key>lastKnownFileType</key>
			<string>wrapper.framework</string>
			<key>name</key>
			<string>MediaAccessibility.framework</string>
			<key>path</key>
			<string>System/Library/Frameworks/MediaAccessibility.framework</string>
			<key>sourceTree</key>
			<string>SDKROOT</string>
		</dict>
		<key>CCE5BD43196F037300016BAB</key>
		<dict>
			<key>fileRef</key>
			<string>CCE5BD42196F037300016BAB</string>
			<key>isa</key>
			<string>PBXBuildFile</string>
			<key>settings</key>
			<dict>
				<key>ATTRIBUTES</key>
				<array>
					<string>Weak</string>
				</array>
			</dict>
		</dict>
		<key>CCE5BD44196F038400016BAB</key>
		<dict>
			<key>isa</key>
			<string>PBXFileReference</string>
			<key>lastKnownFileType</key>
			<string>wrapper.framework</string>
			<key>name</key>
			<string>CoreText.framework</string>
			<key>path</key>
			<string>System/Library/Frameworks/CoreText.framework</string>
			<key>sourceTree</key>
			<string>SDKROOT</string>
		</dict>
		<key>CCE5BD45196F038400016BAB</key>
		<dict>
			<key>fileRef</key>
			<string>CCE5BD44196F038400016BAB</string>
			<key>isa</key>
			<string>PBXBuildFile</string>
		</dict>
		<key>CCE5BD46196F03BB00016BAB</key>
		<dict>
			<key>isa</key>
			<string>PBXFileReference</string>
			<key>lastKnownFileType</key>
			<string>wrapper.framework</string>
			<key>path</key>
			<string>GoogleCast.framework</string>
			<key>sourceTree</key>
			<string>&lt;group&gt;</string>
		</dict>
		<key>CCE5BD48196F0AC000016BAB</key>
		<dict>
			<key>fileRef</key>
			<string>CCE5BD46196F03BB00016BAB</string>
			<key>isa</key>
			<string>PBXBuildFile</string>
		</dict>
		<key>DAE995E32ED8CEA34EC1B03F</key>
		<dict>
			<key>buildActionMask</key>
			<string>2147483647</string>
			<key>files</key>
			<array/>
			<key>inputPaths</key>
			<array/>
			<key>isa</key>
			<string>PBXShellScriptBuildPhase</string>
			<key>name</key>
			<string>Copy Pods Resources</string>
			<key>outputPaths</key>
			<array/>
			<key>runOnlyForDeploymentPostprocessing</key>
			<string>0</string>
			<key>shellPath</key>
			<string>/bin/sh</string>
			<key>shellScript</key>
			<string>"${SRCROOT}/Pods/Target Support Files/Pods-Cast Audio Tests/Pods-Cast Audio Tests-resources.sh"
</string>
			<key>showEnvVarsInLog</key>
			<string>0</string>
		</dict>
		<key>DD1D1102AB983A52F62D3940</key>
		<dict>
			<key>fileRef</key>
			<string>482F9F8064BDDCA988B39B0F</string>
			<key>isa</key>
			<string>PBXBuildFile</string>
		</dict>
		<key>DF2C8F5A1AD45FEB00561DDD</key>
		<dict>
			<key>children</key>
			<array>
				<string>496D46FC182DBE9100343F72</string>
				<string>496D46FD182DBE9100343F72</string>
				<string>EFD8A0E71AABD052005808B2</string>
				<string>EFD8A0E81AABD052005808B2</string>
				<string>496D46FF182DBE9C00343F72</string>
				<string>496D4700182DBE9C00343F72</string>
			</array>
			<key>isa</key>
			<string>PBXGroup</string>
			<key>name</key>
			<string>Models</string>
			<key>sourceTree</key>
			<string>&lt;group&gt;</string>
		</dict>
		<key>DF2C8F5B1AD58A6D00561DDD</key>
		<dict>
			<key>fileEncoding</key>
			<string>4</string>
			<key>isa</key>
			<string>PBXFileReference</string>
			<key>lastKnownFileType</key>
			<string>sourcecode.c.h</string>
			<key>path</key>
			<string>MediaScroller.h</string>
			<key>sourceTree</key>
			<string>&lt;group&gt;</string>
		</dict>
		<key>DF2C8F5C1AD58A6D00561DDD</key>
		<dict>
			<key>fileEncoding</key>
			<string>4</string>
			<key>isa</key>
			<string>PBXFileReference</string>
			<key>lastKnownFileType</key>
			<string>sourcecode.c.objc</string>
			<key>path</key>
			<string>MediaScroller.m</string>
			<key>sourceTree</key>
			<string>&lt;group&gt;</string>
		</dict>
		<key>DF2C8F5D1AD58A6D00561DDD</key>
		<dict>
			<key>fileRef</key>
			<string>DF2C8F5C1AD58A6D00561DDD</string>
			<key>isa</key>
			<string>PBXBuildFile</string>
		</dict>
		<key>DFD2CCE91AD81A5200D2EA6D</key>
		<dict>
			<key>buildActionMask</key>
			<string>2147483647</string>
			<key>files</key>
			<array>
				<string>DFD2CCF21AD81A5200D2EA6D</string>
			</array>
			<key>isa</key>
			<string>PBXSourcesBuildPhase</string>
			<key>runOnlyForDeploymentPostprocessing</key>
			<string>0</string>
		</dict>
		<key>DFD2CCEA1AD81A5200D2EA6D</key>
		<dict>
			<key>buildActionMask</key>
			<string>2147483647</string>
			<key>files</key>
			<array>
				<string>DD1D1102AB983A52F62D3940</string>
			</array>
			<key>isa</key>
			<string>PBXFrameworksBuildPhase</string>
			<key>runOnlyForDeploymentPostprocessing</key>
			<string>0</string>
		</dict>
		<key>DFD2CCEB1AD81A5200D2EA6D</key>
		<dict>
			<key>buildActionMask</key>
			<string>2147483647</string>
			<key>files</key>
			<array/>
			<key>isa</key>
			<string>PBXResourcesBuildPhase</string>
			<key>runOnlyForDeploymentPostprocessing</key>
			<string>0</string>
		</dict>
		<key>DFD2CCEC1AD81A5200D2EA6D</key>
		<dict>
			<key>buildConfigurationList</key>
			<string>DFD2CCF71AD81A5200D2EA6D</string>
			<key>buildPhases</key>
			<array>
				<string>8268AB1D90CD19FD7F13733B</string>
				<string>DFD2CCE91AD81A5200D2EA6D</string>
				<string>DFD2CCEA1AD81A5200D2EA6D</string>
				<string>DFD2CCEB1AD81A5200D2EA6D</string>
				<string>DAE995E32ED8CEA34EC1B03F</string>
			</array>
			<key>buildRules</key>
			<array/>
			<key>dependencies</key>
			<array>
				<string>DFD2CCF41AD81A5200D2EA6D</string>
			</array>
			<key>isa</key>
			<string>PBXNativeTarget</string>
			<key>name</key>
			<string>Cast Audio Tests</string>
			<key>productName</key>
			<string>Cast Audio Tests</string>
			<key>productReference</key>
			<string>DFD2CCED1AD81A5200D2EA6D</string>
			<key>productType</key>
			<string>com.apple.product-type.bundle.unit-test</string>
		</dict>
		<key>DFD2CCED1AD81A5200D2EA6D</key>
		<dict>
			<key>explicitFileType</key>
			<string>wrapper.cfbundle</string>
			<key>includeInIndex</key>
			<string>0</string>
			<key>isa</key>
			<string>PBXFileReference</string>
			<key>path</key>
			<string>Cast Audio Tests.xctest</string>
			<key>sourceTree</key>
			<string>BUILT_PRODUCTS_DIR</string>
		</dict>
		<key>DFD2CCEE1AD81A5200D2EA6D</key>
		<dict>
			<key>children</key>
			<array>
				<string>DFD2CCF11AD81A5200D2EA6D</string>
				<string>DFD2CCEF1AD81A5200D2EA6D</string>
			</array>
			<key>isa</key>
			<string>PBXGroup</string>
			<key>path</key>
			<string>Cast Audio Tests</string>
			<key>sourceTree</key>
			<string>&lt;group&gt;</string>
		</dict>
		<key>DFD2CCEF1AD81A5200D2EA6D</key>
		<dict>
			<key>children</key>
			<array>
				<string>DFD2CCF01AD81A5200D2EA6D</string>
			</array>
			<key>isa</key>
			<string>PBXGroup</string>
			<key>name</key>
			<string>Supporting Files</string>
			<key>sourceTree</key>
			<string>&lt;group&gt;</string>
		</dict>
		<key>DFD2CCF01AD81A5200D2EA6D</key>
		<dict>
			<key>isa</key>
			<string>PBXFileReference</string>
			<key>lastKnownFileType</key>
			<string>text.plist.xml</string>
			<key>path</key>
			<string>Info.plist</string>
			<key>sourceTree</key>
			<string>&lt;group&gt;</string>
		</dict>
		<key>DFD2CCF11AD81A5200D2EA6D</key>
		<dict>
			<key>isa</key>
			<string>PBXFileReference</string>
			<key>lastKnownFileType</key>
			<string>sourcecode.c.objc</string>
			<key>path</key>
			<string>Cast_Audio_Tests.m</string>
			<key>sourceTree</key>
			<string>&lt;group&gt;</string>
		</dict>
		<key>DFD2CCF21AD81A5200D2EA6D</key>
		<dict>
			<key>fileRef</key>
			<string>DFD2CCF11AD81A5200D2EA6D</string>
			<key>isa</key>
			<string>PBXBuildFile</string>
		</dict>
		<key>DFD2CCF31AD81A5200D2EA6D</key>
		<dict>
			<key>containerPortal</key>
			<string>284CBD7A182ADC2D007F65F9</string>
			<key>isa</key>
			<string>PBXContainerItemProxy</string>
			<key>proxyType</key>
			<string>1</string>
			<key>remoteGlobalIDString</key>
			<string>284CBD81182ADC2D007F65F9</string>
			<key>remoteInfo</key>
			<string>Cast Audio</string>
		</dict>
		<key>DFD2CCF41AD81A5200D2EA6D</key>
		<dict>
			<key>isa</key>
			<string>PBXTargetDependency</string>
			<key>target</key>
			<string>284CBD81182ADC2D007F65F9</string>
			<key>targetProxy</key>
			<string>DFD2CCF31AD81A5200D2EA6D</string>
		</dict>
		<key>DFD2CCF51AD81A5200D2EA6D</key>
		<dict>
			<key>baseConfigurationReference</key>
			<string>06FFE6F5DFEF50FFDBB38A59</string>
			<key>buildSettings</key>
			<dict>
				<key>BUNDLE_LOADER</key>
				<string>$(TEST_HOST)</string>
				<key>CLANG_WARN_UNREACHABLE_CODE</key>
				<string>YES</string>
				<key>DEBUG_INFORMATION_FORMAT</key>
				<string>dwarf-with-dsym</string>
				<key>ENABLE_STRICT_OBJC_MSGSEND</key>
				<string>YES</string>
				<key>FRAMEWORK_SEARCH_PATHS</key>
				<array>
					<string>$(SDKROOT)/Developer/Library/Frameworks</string>
					<string>$(inherited)</string>
				</array>
				<key>GCC_NO_COMMON_BLOCKS</key>
				<string>YES</string>
				<key>GCC_PREPROCESSOR_DEFINITIONS</key>
				<array>
					<string>DEBUG=1</string>
					<string>$(inherited)</string>
				</array>
				<key>GCC_WARN_UNINITIALIZED_AUTOS</key>
				<string>YES_AGGRESSIVE</string>
				<key>INFOPLIST_FILE</key>
				<string>Cast Audio Tests/Info.plist</string>
				<key>IPHONEOS_DEPLOYMENT_TARGET</key>
				<string>8.3</string>
				<key>LD_RUNPATH_SEARCH_PATHS</key>
				<string>$(inherited) @executable_path/Frameworks @loader_path/Frameworks</string>
				<key>MTL_ENABLE_DEBUG_INFO</key>
				<string>YES</string>
				<key>PRODUCT_NAME</key>
				<string>$(TARGET_NAME)</string>
				<key>TEST_HOST</key>
				<string>$(BUILT_PRODUCTS_DIR)/Cast Audio.app/Cast Audio</string>
			</dict>
			<key>isa</key>
			<string>XCBuildConfiguration</string>
			<key>name</key>
			<string>Debug</string>
		</dict>
		<key>DFD2CCF61AD81A5200D2EA6D</key>
		<dict>
			<key>baseConfigurationReference</key>
			<string>0605A3C4DAE0D4B5AD561855</string>
			<key>buildSettings</key>
			<dict>
				<key>BUNDLE_LOADER</key>
				<string>$(TEST_HOST)</string>
				<key>CLANG_WARN_UNREACHABLE_CODE</key>
				<string>YES</string>
				<key>COPY_PHASE_STRIP</key>
				<string>NO</string>
				<key>DEBUG_INFORMATION_FORMAT</key>
				<string>dwarf-with-dsym</string>
				<key>ENABLE_STRICT_OBJC_MSGSEND</key>
				<string>YES</string>
				<key>FRAMEWORK_SEARCH_PATHS</key>
				<array>
					<string>$(SDKROOT)/Developer/Library/Frameworks</string>
					<string>$(inherited)</string>
				</array>
				<key>GCC_NO_COMMON_BLOCKS</key>
				<string>YES</string>
				<key>GCC_WARN_UNINITIALIZED_AUTOS</key>
				<string>YES_AGGRESSIVE</string>
				<key>INFOPLIST_FILE</key>
				<string>Cast Audio Tests/Info.plist</string>
				<key>IPHONEOS_DEPLOYMENT_TARGET</key>
				<string>8.3</string>
				<key>LD_RUNPATH_SEARCH_PATHS</key>
				<string>$(inherited) @executable_path/Frameworks @loader_path/Frameworks</string>
				<key>MTL_ENABLE_DEBUG_INFO</key>
				<string>NO</string>
				<key>PRODUCT_NAME</key>
				<string>$(TARGET_NAME)</string>
				<key>TEST_HOST</key>
				<string>$(BUILT_PRODUCTS_DIR)/Cast Audio.app/Cast Audio</string>
			</dict>
			<key>isa</key>
			<string>XCBuildConfiguration</string>
			<key>name</key>
			<string>Release</string>
		</dict>
		<key>DFD2CCF71AD81A5200D2EA6D</key>
		<dict>
			<key>buildConfigurations</key>
			<array>
				<string>DFD2CCF51AD81A5200D2EA6D</string>
				<string>DFD2CCF61AD81A5200D2EA6D</string>
			</array>
			<key>defaultConfigurationIsVisible</key>
			<string>0</string>
			<key>isa</key>
			<string>XCConfigurationList</string>
		</dict>
		<key>EF60AA251A9D27390036D4FA</key>
		<dict>
			<key>children</key>
			<array>
				<string>124377CE187CC2B500ADF736</string>
				<string>124377CF187CC2B500ADF736</string>
				<string>284CC030182B1891007F65F9</string>
				<string>284CC031182B1891007F65F9</string>
				<string>EF60AA261A9D28A40036D4FA</string>
				<string>EF60AA271A9D28A40036D4FA</string>
				<string>EFD8A0F11AAE8EE3005808B2</string>
				<string>EFD8A0F21AAE8EE3005808B2</string>
				<string>284CC033182C3396007F65F9</string>
				<string>284CC034182C3396007F65F9</string>
				<string>EFD8A0EC1AACFCAF005808B2</string>
				<string>DF2C8F5B1AD58A6D00561DDD</string>
				<string>DF2C8F5C1AD58A6D00561DDD</string>
			</array>
			<key>isa</key>
			<string>PBXGroup</string>
			<key>name</key>
			<string>CastComponents</string>
			<key>sourceTree</key>
			<string>&lt;group&gt;</string>
		</dict>
		<key>EF60AA261A9D28A40036D4FA</key>
		<dict>
			<key>fileEncoding</key>
			<string>4</string>
			<key>isa</key>
			<string>PBXFileReference</string>
			<key>lastKnownFileType</key>
			<string>sourcecode.c.h</string>
			<key>path</key>
			<string>CastIconButton.h</string>
			<key>sourceTree</key>
			<string>&lt;group&gt;</string>
		</dict>
		<key>EF60AA271A9D28A40036D4FA</key>
		<dict>
			<key>fileEncoding</key>
			<string>4</string>
			<key>isa</key>
			<string>PBXFileReference</string>
			<key>lastKnownFileType</key>
			<string>sourcecode.c.objc</string>
			<key>path</key>
			<string>CastIconButton.m</string>
			<key>sourceTree</key>
			<string>&lt;group&gt;</string>
		</dict>
		<key>EF60AA281A9D28A40036D4FA</key>
		<dict>
			<key>fileRef</key>
			<string>EF60AA271A9D28A40036D4FA</string>
			<key>isa</key>
			<string>PBXBuildFile</string>
		</dict>
		<key>EF6E4DDF1AB25883006A5ACC</key>
		<dict>
			<key>isa</key>
			<string>PBXFileReference</string>
			<key>lastKnownFileType</key>
			<string>folder.assetcatalog</string>
			<key>name</key>
			<string>CastFrameworkAssets.xcassets</string>
			<key>path</key>
			<string>../CastFrameworkAssets.xcassets</string>
			<key>sourceTree</key>
			<string>&lt;group&gt;</string>
		</dict>
		<key>EF6E4DE01AB25883006A5ACC</key>
		<dict>
			<key>fileRef</key>
			<string>EF6E4DDF1AB25883006A5ACC</string>
			<key>isa</key>
			<string>PBXBuildFile</string>
		</dict>
		<key>EF775C5B1A49FE9E00995266</key>
		<dict>
			<key>isa</key>
			<string>PBXFileReference</string>
			<key>lastKnownFileType</key>
			<string>image.png</string>
			<key>path</key>
			<string>thumb.png</string>
			<key>sourceTree</key>
			<string>&lt;group&gt;</string>
		</dict>
		<key>EF775C5C1A49FE9E00995266</key>
		<dict>
			<key>isa</key>
			<string>PBXFileReference</string>
			<key>lastKnownFileType</key>
			<string>image.png</string>
			<key>path</key>
			<string>thumb@2x.png</string>
			<key>sourceTree</key>
			<string>&lt;group&gt;</string>
		</dict>
		<key>EF775C5D1A49FE9E00995266</key>
		<dict>
			<key>isa</key>
			<string>PBXFileReference</string>
			<key>lastKnownFileType</key>
			<string>image.png</string>
			<key>path</key>
			<string>thumb@3x.png</string>
			<key>sourceTree</key>
			<string>&lt;group&gt;</string>
		</dict>
		<key>EF775C5E1A49FE9E00995266</key>
		<dict>
			<key>fileRef</key>
			<string>EF775C5B1A49FE9E00995266</string>
			<key>isa</key>
			<string>PBXBuildFile</string>
		</dict>
		<key>EF775C5F1A49FE9E00995266</key>
		<dict>
			<key>fileRef</key>
			<string>EF775C5C1A49FE9E00995266</string>
			<key>isa</key>
			<string>PBXBuildFile</string>
		</dict>
		<key>EF775C601A49FE9E00995266</key>
		<dict>
			<key>fileRef</key>
			<string>EF775C5D1A49FE9E00995266</string>
			<key>isa</key>
			<string>PBXBuildFile</string>
		</dict>
		<key>EFD8A0E71AABD052005808B2</key>
		<dict>
			<key>fileEncoding</key>
			<string>4</string>
			<key>isa</key>
			<string>PBXFileReference</string>
			<key>lastKnownFileType</key>
			<string>sourcecode.c.h</string>
			<key>path</key>
			<string>MediaTrack.h</string>
			<key>sourceTree</key>
			<string>&lt;group&gt;</string>
		</dict>
		<key>EFD8A0E81AABD052005808B2</key>
		<dict>
			<key>fileEncoding</key>
			<string>4</string>
			<key>isa</key>
			<string>PBXFileReference</string>
			<key>lastKnownFileType</key>
			<string>sourcecode.c.objc</string>
			<key>path</key>
			<string>MediaTrack.m</string>
			<key>sourceTree</key>
			<string>&lt;group&gt;</string>
		</dict>
		<key>EFD8A0E91AABD052005808B2</key>
		<dict>
			<key>fileRef</key>
			<string>EFD8A0E81AABD052005808B2</string>
			<key>isa</key>
			<string>PBXBuildFile</string>
		</dict>
		<key>EFD8A0EA1AABD632005808B2</key>
		<dict>
			<key>fileEncoding</key>
			<string>4</string>
			<key>isa</key>
			<string>PBXFileReference</string>
			<key>lastKnownFileType</key>
			<string>file.storyboard</string>
			<key>path</key>
			<string>Main.storyboard</string>
			<key>sourceTree</key>
			<string>&lt;group&gt;</string>
		</dict>
		<key>EFD8A0EB1AABD632005808B2</key>
		<dict>
			<key>fileRef</key>
			<string>EFD8A0EA1AABD632005808B2</string>
			<key>isa</key>
			<string>PBXBuildFile</string>
		</dict>
		<key>EFD8A0EC1AACFCAF005808B2</key>
		<dict>
			<key>fileEncoding</key>
			<string>4</string>
			<key>isa</key>
			<string>PBXFileReference</string>
			<key>lastKnownFileType</key>
			<string>file.storyboard</string>
			<key>path</key>
			<string>CastComponents.storyboard</string>
			<key>sourceTree</key>
			<string>&lt;group&gt;</string>
		</dict>
		<key>EFD8A0ED1AACFCAF005808B2</key>
		<dict>
			<key>fileRef</key>
			<string>EFD8A0EC1AACFCAF005808B2</string>
			<key>isa</key>
			<string>PBXBuildFile</string>
		</dict>
		<key>EFD8A0EE1AAE32AB005808B2</key>
		<dict>
			<key>fileEncoding</key>
			<string>4</string>
			<key>isa</key>
			<string>PBXFileReference</string>
			<key>lastKnownFileType</key>
			<string>sourcecode.c.h</string>
			<key>path</key>
			<string>GCKMediaInformation+LocalMedia.h</string>
			<key>sourceTree</key>
			<string>&lt;group&gt;</string>
		</dict>
		<key>EFD8A0EF1AAE32AB005808B2</key>
		<dict>
			<key>fileEncoding</key>
			<string>4</string>
			<key>isa</key>
			<string>PBXFileReference</string>
			<key>lastKnownFileType</key>
			<string>sourcecode.c.objc</string>
			<key>path</key>
			<string>GCKMediaInformation+LocalMedia.m</string>
			<key>sourceTree</key>
			<string>&lt;group&gt;</string>
		</dict>
		<key>EFD8A0F01AAE32AB005808B2</key>
		<dict>
			<key>fileRef</key>
			<string>EFD8A0EF1AAE32AB005808B2</string>
			<key>isa</key>
			<string>PBXBuildFile</string>
		</dict>
		<key>EFD8A0F11AAE8EE3005808B2</key>
		<dict>
			<key>fileEncoding</key>
			<string>4</string>
			<key>isa</key>
			<string>PBXFileReference</string>
			<key>lastKnownFileType</key>
			<string>sourcecode.c.h</string>
			<key>path</key>
			<string>CastMiniController.h</string>
			<key>sourceTree</key>
			<string>&lt;group&gt;</string>
		</dict>
		<key>EFD8A0F21AAE8EE3005808B2</key>
		<dict>
			<key>fileEncoding</key>
			<string>4</string>
			<key>isa</key>
			<string>PBXFileReference</string>
			<key>lastKnownFileType</key>
			<string>sourcecode.c.objc</string>
			<key>path</key>
			<string>CastMiniController.m</string>
			<key>sourceTree</key>
			<string>&lt;group&gt;</string>
		</dict>
		<key>EFD8A0F31AAE8EE3005808B2</key>
		<dict>
			<key>fileRef</key>
			<string>EFD8A0F21AAE8EE3005808B2</string>
			<key>isa</key>
			<string>PBXBuildFile</string>
		</dict>
		<key>EFE3184719C7D97B00C053EE</key>
		<dict>
			<key>isa</key>
			<string>PBXFileReference</string>
			<key>lastKnownFileType</key>
			<string>wrapper.framework</string>
			<key>name</key>
			<string>SystemConfiguration.framework</string>
			<key>path</key>
			<string>System/Library/Frameworks/SystemConfiguration.framework</string>
			<key>sourceTree</key>
			<string>SDKROOT</string>
		</dict>
		<key>EFE3184819C7D97B00C053EE</key>
		<dict>
			<key>fileRef</key>
			<string>EFE3184719C7D97B00C053EE</string>
			<key>isa</key>
			<string>PBXBuildFile</string>
		</dict>
	</dict>
	<key>rootObject</key>
	<string>284CBD7A182ADC2D007F65F9</string>
</dict>
</plist>
