// !$*UTF8*$!
{
	archiveVersion = 1;
	classes = {
	};
	objectVersion = 46;
	objects = {

/* Begin PBXBuildFile section */
		124377D0187CC2B500ADF736 /* DeviceTableViewController.m in Sources */ = {isa = PBXBuildFile; fileRef = 124377CF187CC2B500ADF736 /* DeviceTableViewController.m */; };
		12E0CCBD18511D8400447896 /* AVFoundation.framework in Frameworks */ = {isa = PBXBuildFile; fileRef = 12E0CCBB184FFD9B00447896 /* AVFoundation.framework */; };
		12E0CCCD18513C9D00447896 /* icon-ios_democast_58.png in Resources */ = {isa = PBXBuildFile; fileRef = 12E0CCC818513C9D00447896 /* icon-ios_democast_58.png */; };
		12E0CCCE18513C9D00447896 /* icon-ios_democast_76.png in Resources */ = {isa = PBXBuildFile; fileRef = 12E0CCC918513C9D00447896 /* icon-ios_democast_76.png */; };
		12E0CCCF18513C9D00447896 /* icon-ios_democast_80.png in Resources */ = {isa = PBXBuildFile; fileRef = 12E0CCCA18513C9D00447896 /* icon-ios_democast_80.png */; };
		12E0CCD018513C9D00447896 /* icon-ios_democast_120.png in Resources */ = {isa = PBXBuildFile; fileRef = 12E0CCCB18513C9D00447896 /* icon-ios_democast_120.png */; };
		12E0CCD118513C9D00447896 /* icon-ios_democast_152.png in Resources */ = {isa = PBXBuildFile; fileRef = 12E0CCCC18513C9D00447896 /* icon-ios_democast_152.png */; };
		12E0CD1918550A0700447896 /* list_outline_white.png in Resources */ = {isa = PBXBuildFile; fileRef = 12E0CCF118550A0700447896 /* list_outline_white.png */; };
		12E0CD1A18550A0700447896 /* list_outline_white@2x.png in Resources */ = {isa = PBXBuildFile; fileRef = 12E0CCF218550A0700447896 /* list_outline_white@2x.png */; };
		12E0CD1B18550A0700447896 /* list_outline.png in Resources */ = {isa = PBXBuildFile; fileRef = 12E0CCF318550A0700447896 /* list_outline.png */; };
		12E0CD1C18550A0700447896 /* list_outline@2x.png in Resources */ = {isa = PBXBuildFile; fileRef = 12E0CCF418550A0700447896 /* list_outline@2x.png */; };
		284CBD86182ADC2D007F65F9 /* Foundation.framework in Frameworks */ = {isa = PBXBuildFile; fileRef = 284CBD85182ADC2D007F65F9 /* Foundation.framework */; };
		284CBD88182ADC2D007F65F9 /* CoreGraphics.framework in Frameworks */ = {isa = PBXBuildFile; fileRef = 284CBD87182ADC2D007F65F9 /* CoreGraphics.framework */; };
		284CBD8A182ADC2D007F65F9 /* UIKit.framework in Frameworks */ = {isa = PBXBuildFile; fileRef = 284CBD89182ADC2D007F65F9 /* UIKit.framework */; };
		284CBD90182ADC2D007F65F9 /* InfoPlist.strings in Resources */ = {isa = PBXBuildFile; fileRef = 284CBD8E182ADC2D007F65F9 /* InfoPlist.strings */; };
		284CBD92182ADC2D007F65F9 /* main.m in Sources */ = {isa = PBXBuildFile; fileRef = 284CBD91182ADC2D007F65F9 /* main.m */; };
		284CBD96182ADC2D007F65F9 /* AppDelegate.m in Sources */ = {isa = PBXBuildFile; fileRef = 284CBD95182ADC2D007F65F9 /* AppDelegate.m */; };
		284CBD9F182ADC2D007F65F9 /* MediaTableViewController.m in Sources */ = {isa = PBXBuildFile; fileRef = 284CBD9E182ADC2D007F65F9 /* MediaTableViewController.m */; };
		284CBDA4182ADC2D007F65F9 /* Images.xcassets in Resources */ = {isa = PBXBuildFile; fileRef = 284CBDA3182ADC2D007F65F9 /* Images.xcassets */; };
		284CC02B182B0F9B007F65F9 /* Default-568h@2x.png in Resources */ = {isa = PBXBuildFile; fileRef = 284CC026182B0F9B007F65F9 /* Default-568h@2x.png */; };
		284CC032182B1891007F65F9 /* ChromecastDeviceController.m in Sources */ = {isa = PBXBuildFile; fileRef = 284CC031182B1891007F65F9 /* ChromecastDeviceController.m */; };
		284CC035182C3396007F65F9 /* CastViewController.m in Sources */ = {isa = PBXBuildFile; fileRef = 284CC034182C3396007F65F9 /* CastViewController.m */; };
		491627AF184FBF9C00351397 /* SimpleImageFetcher.m in Sources */ = {isa = PBXBuildFile; fileRef = 491627AE184FBF9C00351397 /* SimpleImageFetcher.m */; };
		496D46FE182DBE9100343F72 /* Media.m in Sources */ = {isa = PBXBuildFile; fileRef = 496D46FD182DBE9100343F72 /* Media.m */; };
		496D4701182DBE9C00343F72 /* MediaListModel.m in Sources */ = {isa = PBXBuildFile; fileRef = 496D4700182DBE9C00343F72 /* MediaListModel.m */; };
		CCE5BD43196F037300016BAB /* MediaAccessibility.framework in Frameworks */ = {isa = PBXBuildFile; fileRef = CCE5BD42196F037300016BAB /* MediaAccessibility.framework */; settings = {ATTRIBUTES = (Weak, ); }; };
		CCE5BD45196F038400016BAB /* CoreText.framework in Frameworks */ = {isa = PBXBuildFile; fileRef = CCE5BD44196F038400016BAB /* CoreText.framework */; };
		CCE5BD48196F0AC000016BAB /* GoogleCast.framework in Frameworks */ = {isa = PBXBuildFile; fileRef = CCE5BD46196F03BB00016BAB /* GoogleCast.framework */; };
		DD1D1102AB983A52F62D3940 /* libPods-Cast Audio Tests.a in Frameworks */ = {isa = PBXBuildFile; fileRef = 482F9F8064BDDCA988B39B0F /* libPods-Cast Audio Tests.a */; };
		DF01C9371ADC66040087F020 /* KifExampleTests.m in Sources */ = {isa = PBXBuildFile; fileRef = DFBB5DEA1ADC5EB100101272 /* KifExampleTests.m */; };
		DF2C8F5D1AD58A6D00561DDD /* MediaScroller.m in Sources */ = {isa = PBXBuildFile; fileRef = DF2C8F5C1AD58A6D00561DDD /* MediaScroller.m */; };
		DFD2CCF21AD81A5200D2EA6D /* Cast_Audio_Tests.m in Sources */ = {isa = PBXBuildFile; fileRef = DFD2CCF11AD81A5200D2EA6D /* Cast_Audio_Tests.m */; };
		EF60AA281A9D28A40036D4FA /* CastIconButton.m in Sources */ = {isa = PBXBuildFile; fileRef = EF60AA271A9D28A40036D4FA /* CastIconButton.m */; };
		EF6E4DE01AB25883006A5ACC /* CastFrameworkAssets.xcassets in Resources */ = {isa = PBXBuildFile; fileRef = EF6E4DDF1AB25883006A5ACC /* CastFrameworkAssets.xcassets */; };
		EF775C5E1A49FE9E00995266 /* thumb.png in Resources */ = {isa = PBXBuildFile; fileRef = EF775C5B1A49FE9E00995266 /* thumb.png */; };
		EF775C5F1A49FE9E00995266 /* thumb@2x.png in Resources */ = {isa = PBXBuildFile; fileRef = EF775C5C1A49FE9E00995266 /* thumb@2x.png */; };
		EF775C601A49FE9E00995266 /* thumb@3x.png in Resources */ = {isa = PBXBuildFile; fileRef = EF775C5D1A49FE9E00995266 /* thumb@3x.png */; };
		EFD8A0E91AABD052005808B2 /* MediaTrack.m in Sources */ = {isa = PBXBuildFile; fileRef = EFD8A0E81AABD052005808B2 /* MediaTrack.m */; };
		EFD8A0EB1AABD632005808B2 /* Main.storyboard in Resources */ = {isa = PBXBuildFile; fileRef = EFD8A0EA1AABD632005808B2 /* Main.storyboard */; };
		EFD8A0ED1AACFCAF005808B2 /* CastComponents.storyboard in Resources */ = {isa = PBXBuildFile; fileRef = EFD8A0EC1AACFCAF005808B2 /* CastComponents.storyboard */; };
		EFD8A0F01AAE32AB005808B2 /* GCKMediaInformation+LocalMedia.m in Sources */ = {isa = PBXBuildFile; fileRef = EFD8A0EF1AAE32AB005808B2 /* GCKMediaInformation+LocalMedia.m */; };
		EFD8A0F31AAE8EE3005808B2 /* CastMiniController.m in Sources */ = {isa = PBXBuildFile; fileRef = EFD8A0F21AAE8EE3005808B2 /* CastMiniController.m */; };
		EFE3184819C7D97B00C053EE /* SystemConfiguration.framework in Frameworks */ = {isa = PBXBuildFile; fileRef = EFE3184719C7D97B00C053EE /* SystemConfiguration.framework */; };
/* End PBXBuildFile section */

/* Begin PBXContainerItemProxy section */
		DFD2CCF31AD81A5200D2EA6D /* PBXContainerItemProxy */ = {
			isa = PBXContainerItemProxy;
			containerPortal = 284CBD7A182ADC2D007F65F9 /* Project object */;
			proxyType = 1;
			remoteGlobalIDString = 284CBD81182ADC2D007F65F9;
			remoteInfo = "Cast Audio";
		};
/* End PBXContainerItemProxy section */

/* Begin PBXFileReference section */
		0605A3C4DAE0D4B5AD561855 /* Pods-Cast Audio Tests.release.xcconfig */ = {isa = PBXFileReference; includeInIndex = 1; lastKnownFileType = text.xcconfig; name = "Pods-Cast Audio Tests.release.xcconfig"; path = "Pods/Target Support Files/Pods-Cast Audio Tests/Pods-Cast Audio Tests.release.xcconfig"; sourceTree = "<group>"; };
		06FFE6F5DFEF50FFDBB38A59 /* Pods-Cast Audio Tests.debug.xcconfig */ = {isa = PBXFileReference; includeInIndex = 1; lastKnownFileType = text.xcconfig; name = "Pods-Cast Audio Tests.debug.xcconfig"; path = "Pods/Target Support Files/Pods-Cast Audio Tests/Pods-Cast Audio Tests.debug.xcconfig"; sourceTree = "<group>"; };
		124377CE187CC2B500ADF736 /* DeviceTableViewController.h */ = {isa = PBXFileReference; fileEncoding = 4; lastKnownFileType = sourcecode.c.h; path = DeviceTableViewController.h; sourceTree = "<group>"; };
		124377CF187CC2B500ADF736 /* DeviceTableViewController.m */ = {isa = PBXFileReference; fileEncoding = 4; lastKnownFileType = sourcecode.c.objc; path = DeviceTableViewController.m; sourceTree = "<group>"; };
		12E0CCBB184FFD9B00447896 /* AVFoundation.framework */ = {isa = PBXFileReference; lastKnownFileType = wrapper.framework; name = AVFoundation.framework; path = System/Library/Frameworks/AVFoundation.framework; sourceTree = SDKROOT; };
		12E0CCC818513C9D00447896 /* icon-ios_democast_58.png */ = {isa = PBXFileReference; lastKnownFileType = image.png; path = "icon-ios_democast_58.png"; sourceTree = "<group>"; };
		12E0CCC918513C9D00447896 /* icon-ios_democast_76.png */ = {isa = PBXFileReference; lastKnownFileType = image.png; path = "icon-ios_democast_76.png"; sourceTree = "<group>"; };
		12E0CCCA18513C9D00447896 /* icon-ios_democast_80.png */ = {isa = PBXFileReference; lastKnownFileType = image.png; path = "icon-ios_democast_80.png"; sourceTree = "<group>"; };
		12E0CCCB18513C9D00447896 /* icon-ios_democast_120.png */ = {isa = PBXFileReference; lastKnownFileType = image.png; path = "icon-ios_democast_120.png"; sourceTree = "<group>"; };
		12E0CCCC18513C9D00447896 /* icon-ios_democast_152.png */ = {isa = PBXFileReference; lastKnownFileType = image.png; path = "icon-ios_democast_152.png"; sourceTree = "<group>"; };
		12E0CCF118550A0700447896 /* list_outline_white.png */ = {isa = PBXFileReference; lastKnownFileType = image.png; path = list_outline_white.png; sourceTree = "<group>"; };
		12E0CCF218550A0700447896 /* list_outline_white@2x.png */ = {isa = PBXFileReference; lastKnownFileType = image.png; path = "list_outline_white@2x.png"; sourceTree = "<group>"; };
		12E0CCF318550A0700447896 /* list_outline.png */ = {isa = PBXFileReference; lastKnownFileType = image.png; path = list_outline.png; sourceTree = "<group>"; };
		12E0CCF418550A0700447896 /* list_outline@2x.png */ = {isa = PBXFileReference; lastKnownFileType = image.png; path = "list_outline@2x.png"; sourceTree = "<group>"; };
		284CBD82182ADC2D007F65F9 /* Cast Audio.app */ = {isa = PBXFileReference; explicitFileType = wrapper.application; includeInIndex = 0; path = "Cast Audio.app"; sourceTree = BUILT_PRODUCTS_DIR; };
		284CBD85182ADC2D007F65F9 /* Foundation.framework */ = {isa = PBXFileReference; lastKnownFileType = wrapper.framework; name = Foundation.framework; path = System/Library/Frameworks/Foundation.framework; sourceTree = SDKROOT; };
		284CBD87182ADC2D007F65F9 /* CoreGraphics.framework */ = {isa = PBXFileReference; lastKnownFileType = wrapper.framework; name = CoreGraphics.framework; path = System/Library/Frameworks/CoreGraphics.framework; sourceTree = SDKROOT; };
		284CBD89182ADC2D007F65F9 /* UIKit.framework */ = {isa = PBXFileReference; lastKnownFileType = wrapper.framework; name = UIKit.framework; path = System/Library/Frameworks/UIKit.framework; sourceTree = SDKROOT; };
		284CBD8D182ADC2D007F65F9 /* Cast Audio-Info.plist */ = {isa = PBXFileReference; lastKnownFileType = text.plist.xml; path = "Cast Audio-Info.plist"; sourceTree = "<group>"; };
		284CBD8F182ADC2D007F65F9 /* en */ = {isa = PBXFileReference; lastKnownFileType = text.plist.strings; name = en; path = en.lproj/InfoPlist.strings; sourceTree = "<group>"; };
		284CBD91182ADC2D007F65F9 /* main.m */ = {isa = PBXFileReference; lastKnownFileType = sourcecode.c.objc; path = main.m; sourceTree = "<group>"; };
		284CBD93182ADC2D007F65F9 /* Cast Audio-Prefix.pch */ = {isa = PBXFileReference; lastKnownFileType = sourcecode.c.h; path = "Cast Audio-Prefix.pch"; sourceTree = "<group>"; };
		284CBD94182ADC2D007F65F9 /* AppDelegate.h */ = {isa = PBXFileReference; lastKnownFileType = sourcecode.c.h; path = AppDelegate.h; sourceTree = "<group>"; };
		284CBD95182ADC2D007F65F9 /* AppDelegate.m */ = {isa = PBXFileReference; lastKnownFileType = sourcecode.c.objc; path = AppDelegate.m; sourceTree = "<group>"; };
		284CBD9D182ADC2D007F65F9 /* MediaTableViewController.h */ = {isa = PBXFileReference; lastKnownFileType = sourcecode.c.h; path = MediaTableViewController.h; sourceTree = "<group>"; };
		284CBD9E182ADC2D007F65F9 /* MediaTableViewController.m */ = {isa = PBXFileReference; lastKnownFileType = sourcecode.c.objc; path = MediaTableViewController.m; sourceTree = "<group>"; };
		284CBDA3182ADC2D007F65F9 /* Images.xcassets */ = {isa = PBXFileReference; lastKnownFileType = folder.assetcatalog; path = Images.xcassets; sourceTree = "<group>"; };
		284CBDAA182ADC2D007F65F9 /* XCTest.framework */ = {isa = PBXFileReference; lastKnownFileType = wrapper.framework; name = XCTest.framework; path = Library/Frameworks/XCTest.framework; sourceTree = DEVELOPER_DIR; };
		284CC026182B0F9B007F65F9 /* Default-568h@2x.png */ = {isa = PBXFileReference; lastKnownFileType = image.png; path = "Default-568h@2x.png"; sourceTree = "<group>"; };
		284CC030182B1891007F65F9 /* ChromecastDeviceController.h */ = {isa = PBXFileReference; fileEncoding = 4; lastKnownFileType = sourcecode.c.h; lineEnding = 0; path = ChromecastDeviceController.h; sourceTree = "<group>"; xcLanguageSpecificationIdentifier = xcode.lang.objcpp; };
		284CC031182B1891007F65F9 /* ChromecastDeviceController.m */ = {isa = PBXFileReference; fileEncoding = 4; lastKnownFileType = sourcecode.c.objc; lineEnding = 0; path = ChromecastDeviceController.m; sourceTree = "<group>"; xcLanguageSpecificationIdentifier = xcode.lang.objc; };
		284CC033182C3396007F65F9 /* CastViewController.h */ = {isa = PBXFileReference; fileEncoding = 4; lastKnownFileType = sourcecode.c.h; lineEnding = 0; path = CastViewController.h; sourceTree = "<group>"; xcLanguageSpecificationIdentifier = xcode.lang.objcpp; };
		284CC034182C3396007F65F9 /* CastViewController.m */ = {isa = PBXFileReference; fileEncoding = 4; lastKnownFileType = sourcecode.c.objc; lineEnding = 0; path = CastViewController.m; sourceTree = "<group>"; xcLanguageSpecificationIdentifier = xcode.lang.objc; };
		482F9F8064BDDCA988B39B0F /* libPods-Cast Audio Tests.a */ = {isa = PBXFileReference; explicitFileType = archive.ar; includeInIndex = 0; path = "libPods-Cast Audio Tests.a"; sourceTree = BUILT_PRODUCTS_DIR; };
		491627AD184FBF9C00351397 /* SimpleImageFetcher.h */ = {isa = PBXFileReference; fileEncoding = 4; lastKnownFileType = sourcecode.c.h; path = SimpleImageFetcher.h; sourceTree = "<group>"; };
		491627AE184FBF9C00351397 /* SimpleImageFetcher.m */ = {isa = PBXFileReference; fileEncoding = 4; lastKnownFileType = sourcecode.c.objc; path = SimpleImageFetcher.m; sourceTree = "<group>"; };
		496D46FC182DBE9100343F72 /* Media.h */ = {isa = PBXFileReference; fileEncoding = 4; lastKnownFileType = sourcecode.c.h; path = Media.h; sourceTree = "<group>"; };
		496D46FD182DBE9100343F72 /* Media.m */ = {isa = PBXFileReference; fileEncoding = 4; lastKnownFileType = sourcecode.c.objc; path = Media.m; sourceTree = "<group>"; };
		496D46FF182DBE9C00343F72 /* MediaListModel.h */ = {isa = PBXFileReference; fileEncoding = 4; lastKnownFileType = sourcecode.c.h; path = MediaListModel.h; sourceTree = "<group>"; };
		496D4700182DBE9C00343F72 /* MediaListModel.m */ = {isa = PBXFileReference; fileEncoding = 4; lastKnownFileType = sourcecode.c.objc; path = MediaListModel.m; sourceTree = "<group>"; };
		CCE5BD42196F037300016BAB /* MediaAccessibility.framework */ = {isa = PBXFileReference; lastKnownFileType = wrapper.framework; name = MediaAccessibility.framework; path = System/Library/Frameworks/MediaAccessibility.framework; sourceTree = SDKROOT; };
		CCE5BD44196F038400016BAB /* CoreText.framework */ = {isa = PBXFileReference; lastKnownFileType = wrapper.framework; name = CoreText.framework; path = System/Library/Frameworks/CoreText.framework; sourceTree = SDKROOT; };
		CCE5BD46196F03BB00016BAB /* GoogleCast.framework */ = {isa = PBXFileReference; lastKnownFileType = wrapper.framework; path = GoogleCast.framework; sourceTree = "<group>"; };
		DF2C8F5B1AD58A6D00561DDD /* MediaScroller.h */ = {isa = PBXFileReference; fileEncoding = 4; lastKnownFileType = sourcecode.c.h; path = MediaScroller.h; sourceTree = "<group>"; };
		DF2C8F5C1AD58A6D00561DDD /* MediaScroller.m */ = {isa = PBXFileReference; fileEncoding = 4; lastKnownFileType = sourcecode.c.objc; path = MediaScroller.m; sourceTree = "<group>"; };
		DFBB5DE91ADC5EB100101272 /* KifExampleTests.h */ = {isa = PBXFileReference; fileEncoding = 4; lastKnownFileType = sourcecode.c.h; path = KifExampleTests.h; sourceTree = "<group>"; };
		DFBB5DEA1ADC5EB100101272 /* KifExampleTests.m */ = {isa = PBXFileReference; fileEncoding = 4; lastKnownFileType = sourcecode.c.objc; path = KifExampleTests.m; sourceTree = "<group>"; };
		DFD2CCED1AD81A5200D2EA6D /* Cast Audio Tests.xctest */ = {isa = PBXFileReference; explicitFileType = wrapper.cfbundle; includeInIndex = 0; path = "Cast Audio Tests.xctest"; sourceTree = BUILT_PRODUCTS_DIR; };
		DFD2CCF01AD81A5200D2EA6D /* Info.plist */ = {isa = PBXFileReference; lastKnownFileType = text.plist.xml; path = Info.plist; sourceTree = "<group>"; };
		DFD2CCF11AD81A5200D2EA6D /* Cast_Audio_Tests.m */ = {isa = PBXFileReference; lastKnownFileType = sourcecode.c.objc; path = Cast_Audio_Tests.m; sourceTree = "<group>"; };
		EF60AA261A9D28A40036D4FA /* CastIconButton.h */ = {isa = PBXFileReference; fileEncoding = 4; lastKnownFileType = sourcecode.c.h; path = CastIconButton.h; sourceTree = "<group>"; };
		EF60AA271A9D28A40036D4FA /* CastIconButton.m */ = {isa = PBXFileReference; fileEncoding = 4; lastKnownFileType = sourcecode.c.objc; path = CastIconButton.m; sourceTree = "<group>"; };
		EF6E4DDF1AB25883006A5ACC /* CastFrameworkAssets.xcassets */ = {isa = PBXFileReference; lastKnownFileType = folder.assetcatalog; name = CastFrameworkAssets.xcassets; path = ../CastFrameworkAssets.xcassets; sourceTree = "<group>"; };
		EF775C5B1A49FE9E00995266 /* thumb.png */ = {isa = PBXFileReference; lastKnownFileType = image.png; path = thumb.png; sourceTree = "<group>"; };
		EF775C5C1A49FE9E00995266 /* thumb@2x.png */ = {isa = PBXFileReference; lastKnownFileType = image.png; path = "thumb@2x.png"; sourceTree = "<group>"; };
		EF775C5D1A49FE9E00995266 /* thumb@3x.png */ = {isa = PBXFileReference; lastKnownFileType = image.png; path = "thumb@3x.png"; sourceTree = "<group>"; };
		EFD8A0E71AABD052005808B2 /* MediaTrack.h */ = {isa = PBXFileReference; fileEncoding = 4; lastKnownFileType = sourcecode.c.h; path = MediaTrack.h; sourceTree = "<group>"; };
		EFD8A0E81AABD052005808B2 /* MediaTrack.m */ = {isa = PBXFileReference; fileEncoding = 4; lastKnownFileType = sourcecode.c.objc; path = MediaTrack.m; sourceTree = "<group>"; };
		EFD8A0EA1AABD632005808B2 /* Main.storyboard */ = {isa = PBXFileReference; fileEncoding = 4; lastKnownFileType = file.storyboard; path = Main.storyboard; sourceTree = "<group>"; };
		EFD8A0EC1AACFCAF005808B2 /* CastComponents.storyboard */ = {isa = PBXFileReference; fileEncoding = 4; lastKnownFileType = file.storyboard; path = CastComponents.storyboard; sourceTree = "<group>"; };
		EFD8A0EE1AAE32AB005808B2 /* GCKMediaInformation+LocalMedia.h */ = {isa = PBXFileReference; fileEncoding = 4; lastKnownFileType = sourcecode.c.h; path = "GCKMediaInformation+LocalMedia.h"; sourceTree = "<group>"; };
		EFD8A0EF1AAE32AB005808B2 /* GCKMediaInformation+LocalMedia.m */ = {isa = PBXFileReference; fileEncoding = 4; lastKnownFileType = sourcecode.c.objc; path = "GCKMediaInformation+LocalMedia.m"; sourceTree = "<group>"; };
		EFD8A0F11AAE8EE3005808B2 /* CastMiniController.h */ = {isa = PBXFileReference; fileEncoding = 4; lastKnownFileType = sourcecode.c.h; path = CastMiniController.h; sourceTree = "<group>"; };
		EFD8A0F21AAE8EE3005808B2 /* CastMiniController.m */ = {isa = PBXFileReference; fileEncoding = 4; lastKnownFileType = sourcecode.c.objc; path = CastMiniController.m; sourceTree = "<group>"; };
		EFE3184719C7D97B00C053EE /* SystemConfiguration.framework */ = {isa = PBXFileReference; lastKnownFileType = wrapper.framework; name = SystemConfiguration.framework; path = System/Library/Frameworks/SystemConfiguration.framework; sourceTree = SDKROOT; };
/* End PBXFileReference section */

/* Begin PBXFrameworksBuildPhase section */
		284CBD7F182ADC2D007F65F9 /* Frameworks */ = {
			isa = PBXFrameworksBuildPhase;
			buildActionMask = 2147483647;
			files = (
				EFE3184819C7D97B00C053EE /* SystemConfiguration.framework in Frameworks */,
				CCE5BD45196F038400016BAB /* CoreText.framework in Frameworks */,
				CCE5BD43196F037300016BAB /* MediaAccessibility.framework in Frameworks */,
				12E0CCBD18511D8400447896 /* AVFoundation.framework in Frameworks */,
				284CBD88182ADC2D007F65F9 /* CoreGraphics.framework in Frameworks */,
				284CBD8A182ADC2D007F65F9 /* UIKit.framework in Frameworks */,
				284CBD86182ADC2D007F65F9 /* Foundation.framework in Frameworks */,
				CCE5BD48196F0AC000016BAB /* GoogleCast.framework in Frameworks */,
			);
			runOnlyForDeploymentPostprocessing = 0;
		};
		DFD2CCEA1AD81A5200D2EA6D /* Frameworks */ = {
			isa = PBXFrameworksBuildPhase;
			buildActionMask = 2147483647;
			files = (
				DD1D1102AB983A52F62D3940 /* libPods-Cast Audio Tests.a in Frameworks */,
			);
			runOnlyForDeploymentPostprocessing = 0;
		};
/* End PBXFrameworksBuildPhase section */

/* Begin PBXGroup section */
		07C8179CD11D6AAE0DBE0F23 /* Pods */ = {
			isa = PBXGroup;
			children = (
				06FFE6F5DFEF50FFDBB38A59 /* Pods-Cast Audio Tests.debug.xcconfig */,
				0605A3C4DAE0D4B5AD561855 /* Pods-Cast Audio Tests.release.xcconfig */,
			);
			name = Pods;
			sourceTree = "<group>";
		};
		284CBD79182ADC2D007F65F9 = {
			isa = PBXGroup;
			children = (
				284CC025182B0F9B007F65F9 /* Images */,
				284CBD8B182ADC2D007F65F9 /* Classes */,
				DFD2CCEE1AD81A5200D2EA6D /* Cast Audio Tests */,
				284CBD84182ADC2D007F65F9 /* Frameworks */,
				284CBD83182ADC2D007F65F9 /* Products */,
				07C8179CD11D6AAE0DBE0F23 /* Pods */,
			);
			sourceTree = "<group>";
		};
		284CBD83182ADC2D007F65F9 /* Products */ = {
			isa = PBXGroup;
			children = (
				284CBD82182ADC2D007F65F9 /* Cast Audio.app */,
				DFD2CCED1AD81A5200D2EA6D /* Cast Audio Tests.xctest */,
			);
			name = Products;
			sourceTree = "<group>";
		};
		284CBD84182ADC2D007F65F9 /* Frameworks */ = {
			isa = PBXGroup;
			children = (
				EFE3184719C7D97B00C053EE /* SystemConfiguration.framework */,
				CCE5BD46196F03BB00016BAB /* GoogleCast.framework */,
				CCE5BD44196F038400016BAB /* CoreText.framework */,
				CCE5BD42196F037300016BAB /* MediaAccessibility.framework */,
				12E0CCBB184FFD9B00447896 /* AVFoundation.framework */,
				284CBD85182ADC2D007F65F9 /* Foundation.framework */,
				284CBD87182ADC2D007F65F9 /* CoreGraphics.framework */,
				284CBD89182ADC2D007F65F9 /* UIKit.framework */,
				284CBDAA182ADC2D007F65F9 /* XCTest.framework */,
				482F9F8064BDDCA988B39B0F /* libPods-Cast Audio Tests.a */,
			);
			name = Frameworks;
			sourceTree = "<group>";
		};
		284CBD8B182ADC2D007F65F9 /* Classes */ = {
			isa = PBXGroup;
			children = (
				DF2C8F5A1AD45FEB00561DDD /* Models */,
				EF60AA251A9D27390036D4FA /* CastComponents */,
				EFD8A0EA1AABD632005808B2 /* Main.storyboard */,
				284CBD94182ADC2D007F65F9 /* AppDelegate.h */,
				284CBD95182ADC2D007F65F9 /* AppDelegate.m */,
				284CBD9D182ADC2D007F65F9 /* MediaTableViewController.h */,
				284CBD9E182ADC2D007F65F9 /* MediaTableViewController.m */,
				491627AD184FBF9C00351397 /* SimpleImageFetcher.h */,
				491627AE184FBF9C00351397 /* SimpleImageFetcher.m */,
				EFD8A0EE1AAE32AB005808B2 /* GCKMediaInformation+LocalMedia.h */,
				EFD8A0EF1AAE32AB005808B2 /* GCKMediaInformation+LocalMedia.m */,
				284CBDA3182ADC2D007F65F9 /* Images.xcassets */,
				284CBD8C182ADC2D007F65F9 /* Supporting Files */,
			);
			path = Classes;
			sourceTree = "<group>";
		};
		284CBD8C182ADC2D007F65F9 /* Supporting Files */ = {
			isa = PBXGroup;
			children = (
				284CBD8D182ADC2D007F65F9 /* Cast Audio-Info.plist */,
				284CBD8E182ADC2D007F65F9 /* InfoPlist.strings */,
				284CBD91182ADC2D007F65F9 /* main.m */,
				284CBD93182ADC2D007F65F9 /* Cast Audio-Prefix.pch */,
			);
			name = "Supporting Files";
			sourceTree = "<group>";
		};
		284CC025182B0F9B007F65F9 /* Images */ = {
			isa = PBXGroup;
			children = (
				EF6E4DDF1AB25883006A5ACC /* CastFrameworkAssets.xcassets */,
				EF775C5B1A49FE9E00995266 /* thumb.png */,
				EF775C5C1A49FE9E00995266 /* thumb@2x.png */,
				EF775C5D1A49FE9E00995266 /* thumb@3x.png */,
				12E0CCF118550A0700447896 /* list_outline_white.png */,
				12E0CCF218550A0700447896 /* list_outline_white@2x.png */,
				12E0CCF318550A0700447896 /* list_outline.png */,
				12E0CCF418550A0700447896 /* list_outline@2x.png */,
				12E0CCC818513C9D00447896 /* icon-ios_democast_58.png */,
				12E0CCC918513C9D00447896 /* icon-ios_democast_76.png */,
				12E0CCCA18513C9D00447896 /* icon-ios_democast_80.png */,
				12E0CCCB18513C9D00447896 /* icon-ios_democast_120.png */,
				12E0CCCC18513C9D00447896 /* icon-ios_democast_152.png */,
				284CC026182B0F9B007F65F9 /* Default-568h@2x.png */,
			);
			path = Images;
			sourceTree = "<group>";
		};
		DF2C8F5A1AD45FEB00561DDD /* Models */ = {
			isa = PBXGroup;
			children = (
				496D46FC182DBE9100343F72 /* Media.h */,
				496D46FD182DBE9100343F72 /* Media.m */,
				EFD8A0E71AABD052005808B2 /* MediaTrack.h */,
				EFD8A0E81AABD052005808B2 /* MediaTrack.m */,
				496D46FF182DBE9C00343F72 /* MediaListModel.h */,
				496D4700182DBE9C00343F72 /* MediaListModel.m */,
			);
			name = Models;
			sourceTree = "<group>";
		};
		DFD2CCEE1AD81A5200D2EA6D /* Cast Audio Tests */ = {
			isa = PBXGroup;
			children = (
				DFBB5DE91ADC5EB100101272 /* KifExampleTests.h */,
				DFBB5DEA1ADC5EB100101272 /* KifExampleTests.m */,
				DFD2CCF11AD81A5200D2EA6D /* Cast_Audio_Tests.m */,
				DFD2CCEF1AD81A5200D2EA6D /* Supporting Files */,
			);
			path = "Cast Audio Tests";
			sourceTree = "<group>";
		};
		DFD2CCEF1AD81A5200D2EA6D /* Supporting Files */ = {
			isa = PBXGroup;
			children = (
				DFD2CCF01AD81A5200D2EA6D /* Info.plist */,
			);
			name = "Supporting Files";
			sourceTree = "<group>";
		};
		EF60AA251A9D27390036D4FA /* CastComponents */ = {
			isa = PBXGroup;
			children = (
				124377CE187CC2B500ADF736 /* DeviceTableViewController.h */,
				124377CF187CC2B500ADF736 /* DeviceTableViewController.m */,
				284CC030182B1891007F65F9 /* ChromecastDeviceController.h */,
				284CC031182B1891007F65F9 /* ChromecastDeviceController.m */,
				EF60AA261A9D28A40036D4FA /* CastIconButton.h */,
				EF60AA271A9D28A40036D4FA /* CastIconButton.m */,
				EFD8A0F11AAE8EE3005808B2 /* CastMiniController.h */,
				EFD8A0F21AAE8EE3005808B2 /* CastMiniController.m */,
				284CC033182C3396007F65F9 /* CastViewController.h */,
				284CC034182C3396007F65F9 /* CastViewController.m */,
				EFD8A0EC1AACFCAF005808B2 /* CastComponents.storyboard */,
				DF2C8F5B1AD58A6D00561DDD /* MediaScroller.h */,
				DF2C8F5C1AD58A6D00561DDD /* MediaScroller.m */,
			);
			name = CastComponents;
			sourceTree = "<group>";
		};
/* End PBXGroup section */

/* Begin PBXNativeTarget section */
		284CBD81182ADC2D007F65F9 /* Cast Audio */ = {
			isa = PBXNativeTarget;
			buildConfigurationList = 284CBDBA182ADC2E007F65F9 /* Build configuration list for PBXNativeTarget "Cast Audio" */;
			buildPhases = (
				284CBD7E182ADC2D007F65F9 /* Sources */,
				284CBD7F182ADC2D007F65F9 /* Frameworks */,
				284CBD80182ADC2D007F65F9 /* Resources */,
			);
			buildRules = (
			);
			dependencies = (
			);
			name = "Cast Audio";
			productName = Chromecast_iOS;
			productReference = 284CBD82182ADC2D007F65F9 /* Cast Audio.app */;
			productType = "com.apple.product-type.application";
		};
		DFD2CCEC1AD81A5200D2EA6D /* Cast Audio Tests */ = {
			isa = PBXNativeTarget;
			buildConfigurationList = DFD2CCF71AD81A5200D2EA6D /* Build configuration list for PBXNativeTarget "Cast Audio Tests" */;
			buildPhases = (
				8268AB1D90CD19FD7F13733B /* Check Pods Manifest.lock */,
				DFD2CCE91AD81A5200D2EA6D /* Sources */,
				DFD2CCEA1AD81A5200D2EA6D /* Frameworks */,
				DFD2CCEB1AD81A5200D2EA6D /* Resources */,
				DAE995E32ED8CEA34EC1B03F /* Copy Pods Resources */,
			);
			buildRules = (
			);
			dependencies = (
				DFD2CCF41AD81A5200D2EA6D /* PBXTargetDependency */,
			);
			name = "Cast Audio Tests";
			productName = "Cast Audio Tests";
			productReference = DFD2CCED1AD81A5200D2EA6D /* Cast Audio Tests.xctest */;
			productType = "com.apple.product-type.bundle.unit-test";
		};
/* End PBXNativeTarget section */

/* Begin PBXProject section */
		284CBD7A182ADC2D007F65F9 /* Project object */ = {
			isa = PBXProject;
			attributes = {
				LastUpgradeCheck = 0510;
				ORGANIZATIONNAME = "";
				TargetAttributes = {
					284CBD81182ADC2D007F65F9 = {
						DevelopmentTeam = 34V4E5MT6Z;
					};
					DFD2CCEC1AD81A5200D2EA6D = {
						CreatedOnToolsVersion = 6.3;
						TestTargetID = 284CBD81182ADC2D007F65F9;
					};
				};
			};
			buildConfigurationList = 284CBD7D182ADC2D007F65F9 /* Build configuration list for PBXProject "Cast Audio" */;
			compatibilityVersion = "Xcode 3.2";
			developmentRegion = English;
			hasScannedForEncodings = 0;
			knownRegions = (
				en,
				Base,
			);
			mainGroup = 284CBD79182ADC2D007F65F9;
			productRefGroup = 284CBD83182ADC2D007F65F9 /* Products */;
			projectDirPath = "";
			projectRoot = "";
			targets = (
				284CBD81182ADC2D007F65F9 /* Cast Audio */,
				DFD2CCEC1AD81A5200D2EA6D /* Cast Audio Tests */,
			);
		};
/* End PBXProject section */

/* Begin PBXResourcesBuildPhase section */
		284CBD80182ADC2D007F65F9 /* Resources */ = {
			isa = PBXResourcesBuildPhase;
			buildActionMask = 2147483647;
			files = (
				EF775C601A49FE9E00995266 /* thumb@3x.png in Resources */,
				12E0CD1C18550A0700447896 /* list_outline@2x.png in Resources */,
				12E0CD1B18550A0700447896 /* list_outline.png in Resources */,
				EFD8A0EB1AABD632005808B2 /* Main.storyboard in Resources */,
				EFD8A0ED1AACFCAF005808B2 /* CastComponents.storyboard in Resources */,
				EF775C5F1A49FE9E00995266 /* thumb@2x.png in Resources */,
				284CBDA4182ADC2D007F65F9 /* Images.xcassets in Resources */,
				12E0CCD118513C9D00447896 /* icon-ios_democast_152.png in Resources */,
				EF775C5E1A49FE9E00995266 /* thumb.png in Resources */,
				12E0CCD018513C9D00447896 /* icon-ios_democast_120.png in Resources */,
				EF6E4DE01AB25883006A5ACC /* CastFrameworkAssets.xcassets in Resources */,
				12E0CCCD18513C9D00447896 /* icon-ios_democast_58.png in Resources */,
				284CBD90182ADC2D007F65F9 /* InfoPlist.strings in Resources */,
				12E0CD1918550A0700447896 /* list_outline_white.png in Resources */,
				12E0CD1A18550A0700447896 /* list_outline_white@2x.png in Resources */,
				284CC02B182B0F9B007F65F9 /* Default-568h@2x.png in Resources */,
				12E0CCCE18513C9D00447896 /* icon-ios_democast_76.png in Resources */,
				12E0CCCF18513C9D00447896 /* icon-ios_democast_80.png in Resources */,
			);
			runOnlyForDeploymentPostprocessing = 0;
		};
		DFD2CCEB1AD81A5200D2EA6D /* Resources */ = {
			isa = PBXResourcesBuildPhase;
			buildActionMask = 2147483647;
			files = (
			);
			runOnlyForDeploymentPostprocessing = 0;
		};
/* End PBXResourcesBuildPhase section */

/* Begin PBXShellScriptBuildPhase section */
		8268AB1D90CD19FD7F13733B /* Check Pods Manifest.lock */ = {
			isa = PBXShellScriptBuildPhase;
			buildActionMask = 2147483647;
			files = (
			);
			inputPaths = (
			);
			name = "Check Pods Manifest.lock";
			outputPaths = (
			);
			runOnlyForDeploymentPostprocessing = 0;
			shellPath = /bin/sh;
			shellScript = "diff \"${PODS_ROOT}/../Podfile.lock\" \"${PODS_ROOT}/Manifest.lock\" > /dev/null\nif [[ $? != 0 ]] ; then\n    cat << EOM\nerror: The sandbox is not in sync with the Podfile.lock. Run 'pod install' or update your CocoaPods installation.\nEOM\n    exit 1\nfi\n";
			showEnvVarsInLog = 0;
		};
		DAE995E32ED8CEA34EC1B03F /* Copy Pods Resources */ = {
			isa = PBXShellScriptBuildPhase;
			buildActionMask = 2147483647;
			files = (
			);
			inputPaths = (
			);
			name = "Copy Pods Resources";
			outputPaths = (
			);
			runOnlyForDeploymentPostprocessing = 0;
			shellPath = /bin/sh;
			shellScript = "\"${SRCROOT}/Pods/Target Support Files/Pods-Cast Audio Tests/Pods-Cast Audio Tests-resources.sh\"\n";
			showEnvVarsInLog = 0;
		};
/* End PBXShellScriptBuildPhase section */

/* Begin PBXSourcesBuildPhase section */
		284CBD7E182ADC2D007F65F9 /* Sources */ = {
			isa = PBXSourcesBuildPhase;
			buildActionMask = 2147483647;
			files = (
				284CBD96182ADC2D007F65F9 /* AppDelegate.m in Sources */,
				284CC032182B1891007F65F9 /* ChromecastDeviceController.m in Sources */,
				284CBD9F182ADC2D007F65F9 /* MediaTableViewController.m in Sources */,
				EF60AA281A9D28A40036D4FA /* CastIconButton.m in Sources */,
				284CC035182C3396007F65F9 /* CastViewController.m in Sources */,
				284CBD92182ADC2D007F65F9 /* main.m in Sources */,
				124377D0187CC2B500ADF736 /* DeviceTableViewController.m in Sources */,
				EFD8A0F01AAE32AB005808B2 /* GCKMediaInformation+LocalMedia.m in Sources */,
				491627AF184FBF9C00351397 /* SimpleImageFetcher.m in Sources */,
				EFD8A0F31AAE8EE3005808B2 /* CastMiniController.m in Sources */,
				496D46FE182DBE9100343F72 /* Media.m in Sources */,
				EFD8A0E91AABD052005808B2 /* MediaTrack.m in Sources */,
				DF2C8F5D1AD58A6D00561DDD /* MediaScroller.m in Sources */,
				496D4701182DBE9C00343F72 /* MediaListModel.m in Sources */,
			);
			runOnlyForDeploymentPostprocessing = 0;
		};
		DFD2CCE91AD81A5200D2EA6D /* Sources */ = {
			isa = PBXSourcesBuildPhase;
			buildActionMask = 2147483647;
			files = (
				DFD2CCF21AD81A5200D2EA6D /* Cast_Audio_Tests.m in Sources */,
				DF01C9371ADC66040087F020 /* KifExampleTests.m in Sources */,
			);
			runOnlyForDeploymentPostprocessing = 0;
		};
/* End PBXSourcesBuildPhase section */

/* Begin PBXTargetDependency section */
		DFD2CCF41AD81A5200D2EA6D /* PBXTargetDependency */ = {
			isa = PBXTargetDependency;
			target = 284CBD81182ADC2D007F65F9 /* Cast Audio */;
			targetProxy = DFD2CCF31AD81A5200D2EA6D /* PBXContainerItemProxy */;
		};
/* End PBXTargetDependency section */

/* Begin PBXVariantGroup section */
		284CBD8E182ADC2D007F65F9 /* InfoPlist.strings */ = {
			isa = PBXVariantGroup;
			children = (
				284CBD8F182ADC2D007F65F9 /* en */,
			);
			name = InfoPlist.strings;
			sourceTree = "<group>";
		};
/* End PBXVariantGroup section */

/* Begin XCBuildConfiguration section */
		284CBDB8182ADC2E007F65F9 /* Debug */ = {
			isa = XCBuildConfiguration;
			buildSettings = {
				ALWAYS_SEARCH_USER_PATHS = NO;
				CLANG_CXX_LANGUAGE_STANDARD = "gnu++0x";
				CLANG_CXX_LIBRARY = "libc++";
				CLANG_ENABLE_MODULES = YES;
				CLANG_ENABLE_OBJC_ARC = YES;
				CLANG_WARN_BOOL_CONVERSION = YES;
				CLANG_WARN_CONSTANT_CONVERSION = YES;
				CLANG_WARN_DIRECT_OBJC_ISA_USAGE = YES_ERROR;
				CLANG_WARN_EMPTY_BODY = YES;
				CLANG_WARN_ENUM_CONVERSION = YES;
				CLANG_WARN_INT_CONVERSION = YES;
				CLANG_WARN_OBJC_ROOT_CLASS = YES_ERROR;
				CLANG_WARN__DUPLICATE_METHOD_MATCH = YES;
				"CODE_SIGN_IDENTITY[sdk=iphoneos*]" = "iPhone Developer";
				COPY_PHASE_STRIP = NO;
				CURRENT_PROJECT_VERSION = 11;
				GCC_C_LANGUAGE_STANDARD = gnu99;
				GCC_DYNAMIC_NO_PIC = NO;
				GCC_OPTIMIZATION_LEVEL = 0;
				GCC_PREPROCESSOR_DEFINITIONS = (
					"DEBUG=1",
					"$(inherited)",
				);
				GCC_SYMBOLS_PRIVATE_EXTERN = NO;
				GCC_WARN_64_TO_32_BIT_CONVERSION = YES;
				GCC_WARN_ABOUT_RETURN_TYPE = YES_ERROR;
				GCC_WARN_UNDECLARED_SELECTOR = YES;
				GCC_WARN_UNINITIALIZED_AUTOS = YES;
				GCC_WARN_UNUSED_FUNCTION = YES;
				GCC_WARN_UNUSED_VARIABLE = YES;
				IPHONEOS_DEPLOYMENT_TARGET = 7.0;
				ONLY_ACTIVE_ARCH = YES;
				SDKROOT = iphoneos;
				TARGETED_DEVICE_FAMILY = "1,2";
			};
			name = Debug;
		};
		284CBDB9182ADC2E007F65F9 /* Release */ = {
			isa = XCBuildConfiguration;
			buildSettings = {
				ALWAYS_SEARCH_USER_PATHS = NO;
				CLANG_CXX_LANGUAGE_STANDARD = "gnu++0x";
				CLANG_CXX_LIBRARY = "libc++";
				CLANG_ENABLE_MODULES = YES;
				CLANG_ENABLE_OBJC_ARC = YES;
				CLANG_WARN_BOOL_CONVERSION = YES;
				CLANG_WARN_CONSTANT_CONVERSION = YES;
				CLANG_WARN_DIRECT_OBJC_ISA_USAGE = YES_ERROR;
				CLANG_WARN_EMPTY_BODY = YES;
				CLANG_WARN_ENUM_CONVERSION = YES;
				CLANG_WARN_INT_CONVERSION = YES;
				CLANG_WARN_OBJC_ROOT_CLASS = YES_ERROR;
				CLANG_WARN__DUPLICATE_METHOD_MATCH = YES;
				"CODE_SIGN_IDENTITY[sdk=iphoneos*]" = "iPhone Distribution: Unity Marketing, Inc. (34V4E5MT6Z)";
				COPY_PHASE_STRIP = YES;
				CURRENT_PROJECT_VERSION = 11;
				ENABLE_NS_ASSERTIONS = NO;
				GCC_C_LANGUAGE_STANDARD = gnu99;
				GCC_WARN_64_TO_32_BIT_CONVERSION = YES;
				GCC_WARN_ABOUT_RETURN_TYPE = YES_ERROR;
				GCC_WARN_UNDECLARED_SELECTOR = YES;
				GCC_WARN_UNINITIALIZED_AUTOS = YES;
				GCC_WARN_UNUSED_FUNCTION = YES;
				GCC_WARN_UNUSED_VARIABLE = YES;
				IPHONEOS_DEPLOYMENT_TARGET = 7.0;
				ONLY_ACTIVE_ARCH = YES;
				SDKROOT = iphoneos;
				TARGETED_DEVICE_FAMILY = "1,2";
				VALIDATE_PRODUCT = YES;
			};
			name = Release;
		};
		284CBDBB182ADC2E007F65F9 /* Debug */ = {
			isa = XCBuildConfiguration;
			buildSettings = {
				ASSETCATALOG_COMPILER_APPICON_NAME = AppIcon;
				ASSETCATALOG_COMPILER_LAUNCHIMAGE_NAME = LaunchImage;
				CODE_SIGN_IDENTITY = "iPhone Developer";
				"CODE_SIGN_IDENTITY[sdk=iphoneos*]" = "iPhone Developer";
				FRAMEWORK_SEARCH_PATHS = (
					"$(inherited)",
					..,
					"$(PROJECT_DIR)",
				);
				GCC_PRECOMPILE_PREFIX_HEADER = YES;
				GCC_PREFIX_HEADER = "Classes/Cast Audio-Prefix.pch";
				INFOPLIST_FILE = "Classes/Cast Audio-Info.plist";
				IPHONEOS_DEPLOYMENT_TARGET = 7.0;
				ONLY_ACTIVE_ARCH = YES;
				OTHER_CFLAGS = "";
				OTHER_LDFLAGS = "-ObjC";
				PRODUCT_NAME = "Cast Audio";
				PROVISIONING_PROFILE = "";
				TARGETED_DEVICE_FAMILY = "1,2";
				VALID_ARCHS = "armv7 armv7s arm64";
				WRAPPER_EXTENSION = app;
			};
			name = Debug;
		};
		284CBDBC182ADC2E007F65F9 /* Release */ = {
			isa = XCBuildConfiguration;
			buildSettings = {
				ASSETCATALOG_COMPILER_APPICON_NAME = AppIcon;
				ASSETCATALOG_COMPILER_LAUNCHIMAGE_NAME = LaunchImage;
				CODE_SIGN_IDENTITY = "iPhone Distribution";
				"CODE_SIGN_IDENTITY[sdk=iphoneos*]" = "iPhone Distribution";
				FRAMEWORK_SEARCH_PATHS = (
					"$(inherited)",
					..,
					"$(PROJECT_DIR)",
				);
				GCC_PRECOMPILE_PREFIX_HEADER = YES;
				GCC_PREFIX_HEADER = "Classes/Cast Audio-Prefix.pch";
				INFOPLIST_FILE = "Classes/Cast Audio-Info.plist";
				IPHONEOS_DEPLOYMENT_TARGET = 7.0;
				ONLY_ACTIVE_ARCH = NO;
				OTHER_CFLAGS = "";
				OTHER_LDFLAGS = "-ObjC";
				PRODUCT_NAME = "Cast Audio";
				PROVISIONING_PROFILE = "";
				TARGETED_DEVICE_FAMILY = "1,2";
				VALID_ARCHS = "armv7 armv7s arm64";
				WRAPPER_EXTENSION = app;
			};
			name = Release;
		};
		DFD2CCF51AD81A5200D2EA6D /* Debug */ = {
			isa = XCBuildConfiguration;
			baseConfigurationReference = 06FFE6F5DFEF50FFDBB38A59 /* Pods-Cast Audio Tests.debug.xcconfig */;
			buildSettings = {
				BUNDLE_LOADER = "$(TEST_HOST)";
				CLANG_WARN_UNREACHABLE_CODE = YES;
				DEBUG_INFORMATION_FORMAT = "dwarf-with-dsym";
				ENABLE_STRICT_OBJC_MSGSEND = YES;
				FRAMEWORK_SEARCH_PATHS = (
					"$(SDKROOT)/Developer/Library/Frameworks",
					"$(inherited)",
				);
				GCC_NO_COMMON_BLOCKS = YES;
				GCC_PREPROCESSOR_DEFINITIONS = (
					"DEBUG=1",
					"$(inherited)",
				);
				GCC_WARN_UNINITIALIZED_AUTOS = YES_AGGRESSIVE;
				INFOPLIST_FILE = "Cast Audio Tests/Info.plist";
				IPHONEOS_DEPLOYMENT_TARGET = 8.3;
				LD_RUNPATH_SEARCH_PATHS = "$(inherited) @executable_path/Frameworks @loader_path/Frameworks";
				MTL_ENABLE_DEBUG_INFO = YES;
				PRODUCT_NAME = "$(TARGET_NAME)";
				TEST_HOST = "$(BUILT_PRODUCTS_DIR)/Cast Audio.app/Cast Audio";
			};
			name = Debug;
		};
		DFD2CCF61AD81A5200D2EA6D /* Release */ = {
			isa = XCBuildConfiguration;
			baseConfigurationReference = 0605A3C4DAE0D4B5AD561855 /* Pods-Cast Audio Tests.release.xcconfig */;
			buildSettings = {
				BUNDLE_LOADER = "$(TEST_HOST)";
				CLANG_WARN_UNREACHABLE_CODE = YES;
				COPY_PHASE_STRIP = NO;
				DEBUG_INFORMATION_FORMAT = "dwarf-with-dsym";
				ENABLE_STRICT_OBJC_MSGSEND = YES;
				FRAMEWORK_SEARCH_PATHS = (
					"$(SDKROOT)/Developer/Library/Frameworks",
					"$(inherited)",
				);
				GCC_NO_COMMON_BLOCKS = YES;
				GCC_WARN_UNINITIALIZED_AUTOS = YES_AGGRESSIVE;
				INFOPLIST_FILE = "Cast Audio Tests/Info.plist";
				IPHONEOS_DEPLOYMENT_TARGET = 8.3;
				LD_RUNPATH_SEARCH_PATHS = "$(inherited) @executable_path/Frameworks @loader_path/Frameworks";
				MTL_ENABLE_DEBUG_INFO = NO;
				PRODUCT_NAME = "$(TARGET_NAME)";
				TEST_HOST = "$(BUILT_PRODUCTS_DIR)/Cast Audio.app/Cast Audio";
			};
			name = Release;
		};
/* End XCBuildConfiguration section */

/* Begin XCConfigurationList section */
		284CBD7D182ADC2D007F65F9 /* Build configuration list for PBXProject "Cast Audio" */ = {
			isa = XCConfigurationList;
			buildConfigurations = (
				284CBDB8182ADC2E007F65F9 /* Debug */,
				284CBDB9182ADC2E007F65F9 /* Release */,
			);
			defaultConfigurationIsVisible = 0;
			defaultConfigurationName = Release;
		};
		284CBDBA182ADC2E007F65F9 /* Build configuration list for PBXNativeTarget "Cast Audio" */ = {
			isa = XCConfigurationList;
			buildConfigurations = (
				284CBDBB182ADC2E007F65F9 /* Debug */,
				284CBDBC182ADC2E007F65F9 /* Release */,
			);
			defaultConfigurationIsVisible = 0;
			defaultConfigurationName = Release;
		};
		DFD2CCF71AD81A5200D2EA6D /* Build configuration list for PBXNativeTarget "Cast Audio Tests" */ = {
			isa = XCConfigurationList;
			buildConfigurations = (
				DFD2CCF51AD81A5200D2EA6D /* Debug */,
				DFD2CCF61AD81A5200D2EA6D /* Release */,
			);
			defaultConfigurationIsVisible = 0;
			defaultConfigurationName = Release;
		};
/* End XCConfigurationList section */
	};
	rootObject = 284CBD7A182ADC2D007F65F9 /* Project object */;
}
